// !$*UTF8*$!
{
	archiveVersion = 1;
	classes = {
	};
	objectVersion = 48;
	objects = {

/* Begin PBXBuildFile section */
		A2B63A7F9F3715DBE4AA6804 /* Pods_Breezy_Traveler.framework in Frameworks */ = {isa = PBXBuildFile; fileRef = 19E1B1B0C2EC5CF45EE02915 /* Pods_Breezy_Traveler.framework */; };
		B91449432069E54E0074F71B /* MyTripsViewController.swift in Sources */ = {isa = PBXBuildFile; fileRef = B91449422069E54E0074F71B /* MyTripsViewController.swift */; };
		B91449452069F9250074F71B /* ExploreTripsCollectionViewCell.swift in Sources */ = {isa = PBXBuildFile; fileRef = B91449442069F9250074F71B /* ExploreTripsCollectionViewCell.swift */; };
		B940C850206EEB3100E7144D /* TripModel.swift in Sources */ = {isa = PBXBuildFile; fileRef = B940C84F206EEB3100E7144D /* TripModel.swift */; };
		B940C85220719D0000E7144D /* CreateTripVC.swift in Sources */ = {isa = PBXBuildFile; fileRef = B940C85120719D0000E7144D /* CreateTripVC.swift */; };
		B950975C207D3E6600B4FE9B /* CreateTrip.storyboard in Resources */ = {isa = PBXBuildFile; fileRef = B950975B207D3E6600B4FE9B /* CreateTrip.storyboard */; };
		B950975E207D585800B4FE9B /* ProfileViewController.swift in Sources */ = {isa = PBXBuildFile; fileRef = B950975D207D585800B4FE9B /* ProfileViewController.swift */; };
		B965294B2069A571007FAD4D /* AppDelegate.swift in Sources */ = {isa = PBXBuildFile; fileRef = B965294A2069A571007FAD4D /* AppDelegate.swift */; };
		B96529522069A571007FAD4D /* Assets.xcassets in Resources */ = {isa = PBXBuildFile; fileRef = B96529512069A571007FAD4D /* Assets.xcassets */; };
		B96529552069A571007FAD4D /* LaunchScreen.storyboard in Resources */ = {isa = PBXBuildFile; fileRef = B96529532069A571007FAD4D /* LaunchScreen.storyboard */; };
		B965295D2069C96E007FAD4D /* ExploreTripsTVCell.swift in Sources */ = {isa = PBXBuildFile; fileRef = B965295C2069C96E007FAD4D /* ExploreTripsTVCell.swift */; };
		B96529602069D17B007FAD4D /* TripsTVCell.swift in Sources */ = {isa = PBXBuildFile; fileRef = B965295F2069D17B007FAD4D /* TripsTVCell.swift */; };
		B9B8F912206C52AF009C017F /* UserModel.swift in Sources */ = {isa = PBXBuildFile; fileRef = B9B8F911206C52AF009C017F /* UserModel.swift */; };
		B9B8F916206C54A9009C017F /* API.swift in Sources */ = {isa = PBXBuildFile; fileRef = B9B8F915206C54A9009C017F /* API.swift */; };
		B9BF275E2085356A00265140 /* Absolute-Regular.otf in Resources */ = {isa = PBXBuildFile; fileRef = B9BF275D2085344900265140 /* Absolute-Regular.otf */; };
		B9F7620A206D506500821C28 /* NetworkingLayer+Users.swift in Sources */ = {isa = PBXBuildFile; fileRef = B9F76209206D506500821C28 /* NetworkingLayer+Users.swift */; };
		B9F9F176207305FB00F0D24D /* QuoteModel.swift in Sources */ = {isa = PBXBuildFile; fileRef = B9F9F175207305FB00F0D24D /* QuoteModel.swift */; };
		B9F9F17A2075585500F0D24D /* UtilityExtensions.swift in Sources */ = {isa = PBXBuildFile; fileRef = B9F9F1792075585500F0D24D /* UtilityExtensions.swift */; };
		B9F9F17C20756B0700F0D24D /* PersistenceUser.swift in Sources */ = {isa = PBXBuildFile; fileRef = B9F9F17B20756B0700F0D24D /* PersistenceUser.swift */; };
		B9F9F17E20758E5F00F0D24D /* AlertVC.swift in Sources */ = {isa = PBXBuildFile; fileRef = B9F9F17D20758E5F00F0D24D /* AlertVC.swift */; };
		B9F9F1802077EE4B00F0D24D /* LoginController.swift in Sources */ = {isa = PBXBuildFile; fileRef = B9F9F17F2077EE4B00F0D24D /* LoginController.swift */; };
		B9F9F1822077F2FC00F0D24D /* LoginController+Handlers.swift in Sources */ = {isa = PBXBuildFile; fileRef = B9F9F1812077F2FC00F0D24D /* LoginController+Handlers.swift */; };
		B9F9F18420782EAA00F0D24D /* NteworkingLayer+Images.swift in Sources */ = {isa = PBXBuildFile; fileRef = B9F9F18320782EAA00F0D24D /* NteworkingLayer+Images.swift */; };
		B9F9F1872078340300F0D24D /* ImagesViewController.swift in Sources */ = {isa = PBXBuildFile; fileRef = B9F9F1862078340300F0D24D /* ImagesViewController.swift */; };
		E9189FD021C328E500C4132A /* TripsTVCell.xib in Resources */ = {isa = PBXBuildFile; fileRef = E9189FCF21C328E500C4132A /* TripsTVCell.xib */; };
		E9189FD221C3293800C4132A /* UtilityExtensions+Interfacable.swift in Sources */ = {isa = PBXBuildFile; fileRef = E9189FD121C3293800C4132A /* UtilityExtensions+Interfacable.swift */; };
		E9189FD421C330E500C4132A /* Once.swift in Sources */ = {isa = PBXBuildFile; fileRef = E9189FD321C330E500C4132A /* Once.swift */; };
		E91A196620840D0C00CEE74A /* TripDatePickerViewController.swift in Sources */ = {isa = PBXBuildFile; fileRef = E91A196420840D0C00CEE74A /* TripDatePickerViewController.swift */; };
		E91A196720840D0C00CEE74A /* TripDetailedViewController.swift in Sources */ = {isa = PBXBuildFile; fileRef = E91A196520840D0C00CEE74A /* TripDetailedViewController.swift */; };
		E91A196920840D6900CEE74A /* QuoteViewController.swift in Sources */ = {isa = PBXBuildFile; fileRef = E91A196820840D6900CEE74A /* QuoteViewController.swift */; };
		E934F2D921B86C5B00553138 /* HotelsViewController.swift in Sources */ = {isa = PBXBuildFile; fileRef = E934F2D721B86C5B00553138 /* HotelsViewController.swift */; };
		E934F2DE21B86EBD00553138 /* HotelsViewModel.swift in Sources */ = {isa = PBXBuildFile; fileRef = E934F2DD21B86EBD00553138 /* HotelsViewModel.swift */; };
		E934F2E021B8704800553138 /* ResourceTVCell.swift in Sources */ = {isa = PBXBuildFile; fileRef = E934F2DF21B8704800553138 /* ResourceTVCell.swift */; };
		E95E138220754C6C00BF4276 /* NetworkingLayer+Trips.swift in Sources */ = {isa = PBXBuildFile; fileRef = E95E138120754C6C00BF4276 /* NetworkingLayer+Trips.swift */; };
		E95E13842075651F00BF4276 /* BTSite.swift in Sources */ = {isa = PBXBuildFile; fileRef = E95E13832075651F00BF4276 /* BTSite.swift */; };
		E95E13872075879300BF4276 /* NetworkingLayer+Sites.swift in Sources */ = {isa = PBXBuildFile; fileRef = E95E13862075879300BF4276 /* NetworkingLayer+Sites.swift */; };
		E96BEF8520CCBAC200295ECD /* InfoPlist.swift in Sources */ = {isa = PBXBuildFile; fileRef = E96BEF8420CCBAC200295ECD /* InfoPlist.swift */; };
		E96BEF8620CCBC9600295ECD /* NetworkingLayer+QOD.swift in Sources */ = {isa = PBXBuildFile; fileRef = E95E137F20754BE200BF4276 /* NetworkingLayer+QOD.swift */; };
		E97A40CB219E42E2007B48DE /* UtilityExtensions+Codable.swift in Sources */ = {isa = PBXBuildFile; fileRef = E97A40CA219E42E2007B48DE /* UtilityExtensions+Codable.swift */; };
		E97B4E8520CB24AD0018036D /* PublishedTripsVc.swift in Sources */ = {isa = PBXBuildFile; fileRef = E97B4E8420CB24AD0018036D /* PublishedTripsVc.swift */; };
		E97B4E8720CB29E00018036D /* PublishedTripTableViewCell.swift in Sources */ = {isa = PBXBuildFile; fileRef = E97B4E8620CB29E00018036D /* PublishedTripTableViewCell.swift */; };
		E97DB5A621DDC0FE001E8FE1 /* LoadingViewController.swift in Sources */ = {isa = PBXBuildFile; fileRef = E97DB5A521DDC0FE001E8FE1 /* LoadingViewController.swift */; };
		E97DB5A821DDC12D001E8FE1 /* LoadingViewController.xib in Resources */ = {isa = PBXBuildFile; fileRef = E97DB5A721DDC12D001E8FE1 /* LoadingViewController.xib */; };
		E97ED75B2077EF140021B651 /* UIButtonCell.swift in Sources */ = {isa = PBXBuildFile; fileRef = E97ED75A2077EF140021B651 /* UIButtonCell.swift */; };
		E97ED75D2077EF190021B651 /* UIButtonCell.xib in Resources */ = {isa = PBXBuildFile; fileRef = E97ED75C2077EF190021B651 /* UIButtonCell.xib */; };
		E97ED75F207807FF0021B651 /* TripDetailedViewModel.swift in Sources */ = {isa = PBXBuildFile; fileRef = E97ED75E207807FF0021B651 /* TripDetailedViewModel.swift */; };
		E97ED761207809BF0021B651 /* UtilityExtensions+Date.swift in Sources */ = {isa = PBXBuildFile; fileRef = E97ED760207809BF0021B651 /* UtilityExtensions+Date.swift */; };
		E97ED76820784B600021B651 /* ImagesCollectionViewCell.swift in Sources */ = {isa = PBXBuildFile; fileRef = E97ED76620784B600021B651 /* ImagesCollectionViewCell.swift */; };
		E97ED76920784B600021B651 /* ImagesCollectionViewCell.xib in Resources */ = {isa = PBXBuildFile; fileRef = E97ED76720784B600021B651 /* ImagesCollectionViewCell.xib */; };
		E98036DE21C9BA8F002344C7 /* KeyboardHelper.swift in Sources */ = {isa = PBXBuildFile; fileRef = E98036DD21C9BA8F002344C7 /* KeyboardHelper.swift */; };
		E98F03482072A95A004D4074 /* Trips.storyboard in Resources */ = {isa = PBXBuildFile; fileRef = E98F03472072A95A004D4074 /* Trips.storyboard */; };
		E98F034A2072AEF2004D4074 /* NetworkingLayer+Hotels.swift in Sources */ = {isa = PBXBuildFile; fileRef = E98F03492072AEF2004D4074 /* NetworkingLayer+Hotels.swift */; };
		E98F034C2072B69C004D4074 /* Hotel.swift in Sources */ = {isa = PBXBuildFile; fileRef = E98F034B2072B69C004D4074 /* Hotel.swift */; };
		E996A4B920CCD48900A0038E /* TripDetailedNotesViewController.swift in Sources */ = {isa = PBXBuildFile; fileRef = E996A4B820CCD48900A0038E /* TripDetailedNotesViewController.swift */; };
		E996A4BB20CDFF5E00A0038E /* UserfacingErrors.swift in Sources */ = {isa = PBXBuildFile; fileRef = E996A4BA20CDFF5E00A0038E /* UserfacingErrors.swift */; };
		E996A4BD20CE1CA300A0038E /* UserfacingErrors+User.swift in Sources */ = {isa = PBXBuildFile; fileRef = E996A4BC20CE1CA300A0038E /* UserfacingErrors+User.swift */; };
		E9A6B4B321D454EE00667FEB /* LoginLayer.swift in Sources */ = {isa = PBXBuildFile; fileRef = E9A6B4B221D454EE00667FEB /* LoginLayer.swift */; };
		E9A6B4B521D45EF800667FEB /* ThrottleGlobalFunctions.swift in Sources */ = {isa = PBXBuildFile; fileRef = E9A6B4B421D45EF800667FEB /* ThrottleGlobalFunctions.swift */; };
		E9A91C2821BA14A4007BBF6F /* ResourceViewController.swift in Sources */ = {isa = PBXBuildFile; fileRef = E9A91C2721BA14A4007BBF6F /* ResourceViewController.swift */; };
		E9A91C2B21BADD87007BBF6F /* ResourceView.xib in Resources */ = {isa = PBXBuildFile; fileRef = E9A91C2921BADA94007BBF6F /* ResourceView.xib */; };
		E9A91C2D21BAE4F8007BBF6F /* UtitlityExtensions+Pluralize.swift in Sources */ = {isa = PBXBuildFile; fileRef = E9A91C2C21BAE4F8007BBF6F /* UtitlityExtensions+Pluralize.swift */; };
		E9A91C2F21BAE6D2007BBF6F /* SitesViewController.swift in Sources */ = {isa = PBXBuildFile; fileRef = E9A91C2E21BAE6D2007BBF6F /* SitesViewController.swift */; };
		E9A91C3121BAE793007BBF6F /* SitesViewModel.swift in Sources */ = {isa = PBXBuildFile; fileRef = E9A91C3021BAE793007BBF6F /* SitesViewModel.swift */; };
		E9B1B9B8207D3AD800FCBC2E /* UICoverImageView.xib in Resources */ = {isa = PBXBuildFile; fileRef = E9B1B9B6207D3AD800FCBC2E /* UICoverImageView.xib */; };
		E9B1B9B9207D3AD800FCBC2E /* UICoverImageView.swift in Sources */ = {isa = PBXBuildFile; fileRef = E9B1B9B7207D3AD800FCBC2E /* UICoverImageView.swift */; };
		E9B1B9BB207D3ED000FCBC2E /* UtilityExtensions+Bool.swift in Sources */ = {isa = PBXBuildFile; fileRef = E9B1B9BA207D3ED000FCBC2E /* UtilityExtensions+Bool.swift */; };
		E9B1B9BD207D4B6000FCBC2E /* UtilityExtensions+UIAlertController.swift in Sources */ = {isa = PBXBuildFile; fileRef = E9B1B9BC207D4B6000FCBC2E /* UtilityExtensions+UIAlertController.swift */; };
		E9B1B9BF207D501B00FCBC2E /* UtilityExtensions+UIButton.swift in Sources */ = {isa = PBXBuildFile; fileRef = E9B1B9BE207D501B00FCBC2E /* UtilityExtensions+UIButton.swift */; };
		E9B1B9C1207D558900FCBC2E /* UtilityExtensions+UITextField.swift in Sources */ = {isa = PBXBuildFile; fileRef = E9B1B9C0207D558900FCBC2E /* UtilityExtensions+UITextField.swift */; };
		E9B34744209AA13700A7B313 /* UtilityExtensions+UIViewController.swift in Sources */ = {isa = PBXBuildFile; fileRef = E9B34743209AA13700A7B313 /* UtilityExtensions+UIViewController.swift */; };
		E9DC2413207E88EC001691C2 /* TripsDetail.storyboard in Resources */ = {isa = PBXBuildFile; fileRef = E9DC2412207E88EC001691C2 /* TripsDetail.storyboard */; };
		E9DC241B207E8FE4001691C2 /* UIDatePickerTableViewCell.swift in Sources */ = {isa = PBXBuildFile; fileRef = E9DC2419207E8FE4001691C2 /* UIDatePickerTableViewCell.swift */; };
		E9DC241C207E8FE4001691C2 /* UIDatePickerTableViewCell.xib in Resources */ = {isa = PBXBuildFile; fileRef = E9DC241A207E8FE4001691C2 /* UIDatePickerTableViewCell.xib */; };
		E9DC241F207E92BD001691C2 /* UITitleClearButtonTableViewCell.swift in Sources */ = {isa = PBXBuildFile; fileRef = E9DC241D207E92BD001691C2 /* UITitleClearButtonTableViewCell.swift */; };
		E9DC2420207E92BD001691C2 /* UITitleClearButtonTableViewCell.xib in Resources */ = {isa = PBXBuildFile; fileRef = E9DC241E207E92BD001691C2 /* UITitleClearButtonTableViewCell.xib */; };
		E9FF77AB207FEAA90086D6D9 /* UIDatePickerViewController.swift in Sources */ = {isa = PBXBuildFile; fileRef = E9FF77A9207FEAA90086D6D9 /* UIDatePickerViewController.swift */; };
		E9FF77AC207FEAA90086D6D9 /* UIDatePickerViewController.xib in Resources */ = {isa = PBXBuildFile; fileRef = E9FF77AA207FEAA90086D6D9 /* UIDatePickerViewController.xib */; };
/* End PBXBuildFile section */

/* Begin PBXFileReference section */
		19E1B1B0C2EC5CF45EE02915 /* Pods_Breezy_Traveler.framework */ = {isa = PBXFileReference; explicitFileType = wrapper.framework; includeInIndex = 0; path = Pods_Breezy_Traveler.framework; sourceTree = BUILT_PRODUCTS_DIR; };
		425CE5635462CACB3731FA25 /* Pods-Breezy-Traveler.development.xcconfig */ = {isa = PBXFileReference; includeInIndex = 1; lastKnownFileType = text.xcconfig; name = "Pods-Breezy-Traveler.development.xcconfig"; path = "Pods/Target Support Files/Pods-Breezy-Traveler/Pods-Breezy-Traveler.development.xcconfig"; sourceTree = "<group>"; };
		B8C6EFD52BD50B64973ED8D3 /* Pods-Breezy-Traveler.production.xcconfig */ = {isa = PBXFileReference; includeInIndex = 1; lastKnownFileType = text.xcconfig; name = "Pods-Breezy-Traveler.production.xcconfig"; path = "Pods/Target Support Files/Pods-Breezy-Traveler/Pods-Breezy-Traveler.production.xcconfig"; sourceTree = "<group>"; };
		B91449422069E54E0074F71B /* MyTripsViewController.swift */ = {isa = PBXFileReference; lastKnownFileType = sourcecode.swift; path = MyTripsViewController.swift; sourceTree = "<group>"; };
		B91449442069F9250074F71B /* ExploreTripsCollectionViewCell.swift */ = {isa = PBXFileReference; lastKnownFileType = sourcecode.swift; path = ExploreTripsCollectionViewCell.swift; sourceTree = "<group>"; };
		B940C84F206EEB3100E7144D /* TripModel.swift */ = {isa = PBXFileReference; lastKnownFileType = sourcecode.swift; path = TripModel.swift; sourceTree = "<group>"; };
		B940C85120719D0000E7144D /* CreateTripVC.swift */ = {isa = PBXFileReference; lastKnownFileType = sourcecode.swift; path = CreateTripVC.swift; sourceTree = "<group>"; };
		B950975B207D3E6600B4FE9B /* CreateTrip.storyboard */ = {isa = PBXFileReference; fileEncoding = 4; lastKnownFileType = file.storyboard; path = CreateTrip.storyboard; sourceTree = "<group>"; };
		B950975D207D585800B4FE9B /* ProfileViewController.swift */ = {isa = PBXFileReference; lastKnownFileType = sourcecode.swift; path = ProfileViewController.swift; sourceTree = "<group>"; };
		B96529472069A571007FAD4D /* Breezy-Traveler.app */ = {isa = PBXFileReference; explicitFileType = wrapper.application; includeInIndex = 0; path = "Breezy-Traveler.app"; sourceTree = BUILT_PRODUCTS_DIR; };
		B965294A2069A571007FAD4D /* AppDelegate.swift */ = {isa = PBXFileReference; lastKnownFileType = sourcecode.swift; path = AppDelegate.swift; sourceTree = "<group>"; };
		B96529512069A571007FAD4D /* Assets.xcassets */ = {isa = PBXFileReference; lastKnownFileType = folder.assetcatalog; path = Assets.xcassets; sourceTree = "<group>"; };
		B96529542069A571007FAD4D /* Base */ = {isa = PBXFileReference; lastKnownFileType = file.storyboard; name = Base; path = Base.lproj/LaunchScreen.storyboard; sourceTree = "<group>"; };
		B96529562069A571007FAD4D /* Info.plist */ = {isa = PBXFileReference; lastKnownFileType = text.plist.xml; path = Info.plist; sourceTree = "<group>"; };
		B965295C2069C96E007FAD4D /* ExploreTripsTVCell.swift */ = {isa = PBXFileReference; lastKnownFileType = sourcecode.swift; path = ExploreTripsTVCell.swift; sourceTree = "<group>"; };
		B965295F2069D17B007FAD4D /* TripsTVCell.swift */ = {isa = PBXFileReference; lastKnownFileType = sourcecode.swift; path = TripsTVCell.swift; sourceTree = "<group>"; };
		B9B8F911206C52AF009C017F /* UserModel.swift */ = {isa = PBXFileReference; lastKnownFileType = sourcecode.swift; path = UserModel.swift; sourceTree = "<group>"; };
		B9B8F915206C54A9009C017F /* API.swift */ = {isa = PBXFileReference; lastKnownFileType = sourcecode.swift; path = API.swift; sourceTree = "<group>"; };
		B9BF275D2085344900265140 /* Absolute-Regular.otf */ = {isa = PBXFileReference; lastKnownFileType = file; path = "Absolute-Regular.otf"; sourceTree = "<group>"; };
		B9F76209206D506500821C28 /* NetworkingLayer+Users.swift */ = {isa = PBXFileReference; lastKnownFileType = sourcecode.swift; path = "NetworkingLayer+Users.swift"; sourceTree = "<group>"; };
		B9F9F175207305FB00F0D24D /* QuoteModel.swift */ = {isa = PBXFileReference; fileEncoding = 4; lastKnownFileType = sourcecode.swift; path = QuoteModel.swift; sourceTree = "<group>"; };
		B9F9F1792075585500F0D24D /* UtilityExtensions.swift */ = {isa = PBXFileReference; lastKnownFileType = sourcecode.swift; path = UtilityExtensions.swift; sourceTree = "<group>"; };
		B9F9F17B20756B0700F0D24D /* PersistenceUser.swift */ = {isa = PBXFileReference; lastKnownFileType = sourcecode.swift; path = PersistenceUser.swift; sourceTree = "<group>"; };
		B9F9F17D20758E5F00F0D24D /* AlertVC.swift */ = {isa = PBXFileReference; lastKnownFileType = sourcecode.swift; path = AlertVC.swift; sourceTree = "<group>"; };
		B9F9F17F2077EE4B00F0D24D /* LoginController.swift */ = {isa = PBXFileReference; lastKnownFileType = sourcecode.swift; path = LoginController.swift; sourceTree = "<group>"; };
		B9F9F1812077F2FC00F0D24D /* LoginController+Handlers.swift */ = {isa = PBXFileReference; lastKnownFileType = sourcecode.swift; path = "LoginController+Handlers.swift"; sourceTree = "<group>"; };
		B9F9F18320782EAA00F0D24D /* NteworkingLayer+Images.swift */ = {isa = PBXFileReference; lastKnownFileType = sourcecode.swift; path = "NteworkingLayer+Images.swift"; sourceTree = "<group>"; };
		B9F9F1862078340300F0D24D /* ImagesViewController.swift */ = {isa = PBXFileReference; lastKnownFileType = sourcecode.swift; path = ImagesViewController.swift; sourceTree = "<group>"; };
		BDBB5C3BE3B43399A8D2F68F /* Pods-Breezy-Traveler.release.xcconfig */ = {isa = PBXFileReference; includeInIndex = 1; lastKnownFileType = text.xcconfig; name = "Pods-Breezy-Traveler.release.xcconfig"; path = "Pods/Target Support Files/Pods-Breezy-Traveler/Pods-Breezy-Traveler.release.xcconfig"; sourceTree = "<group>"; };
		E9189FCF21C328E500C4132A /* TripsTVCell.xib */ = {isa = PBXFileReference; lastKnownFileType = file.xib; path = TripsTVCell.xib; sourceTree = "<group>"; };
		E9189FD121C3293800C4132A /* UtilityExtensions+Interfacable.swift */ = {isa = PBXFileReference; lastKnownFileType = sourcecode.swift; path = "UtilityExtensions+Interfacable.swift"; sourceTree = "<group>"; };
		E9189FD321C330E500C4132A /* Once.swift */ = {isa = PBXFileReference; lastKnownFileType = sourcecode.swift; path = Once.swift; sourceTree = "<group>"; };
		E91A196420840D0C00CEE74A /* TripDatePickerViewController.swift */ = {isa = PBXFileReference; fileEncoding = 4; lastKnownFileType = sourcecode.swift; path = TripDatePickerViewController.swift; sourceTree = "<group>"; };
		E91A196520840D0C00CEE74A /* TripDetailedViewController.swift */ = {isa = PBXFileReference; fileEncoding = 4; lastKnownFileType = sourcecode.swift; path = TripDetailedViewController.swift; sourceTree = "<group>"; };
		E91A196820840D6900CEE74A /* QuoteViewController.swift */ = {isa = PBXFileReference; fileEncoding = 4; lastKnownFileType = sourcecode.swift; path = QuoteViewController.swift; sourceTree = "<group>"; };
		E934F2D721B86C5B00553138 /* HotelsViewController.swift */ = {isa = PBXFileReference; lastKnownFileType = sourcecode.swift; path = HotelsViewController.swift; sourceTree = "<group>"; };
		E934F2DD21B86EBD00553138 /* HotelsViewModel.swift */ = {isa = PBXFileReference; lastKnownFileType = sourcecode.swift; path = HotelsViewModel.swift; sourceTree = "<group>"; };
		E934F2DF21B8704800553138 /* ResourceTVCell.swift */ = {isa = PBXFileReference; lastKnownFileType = sourcecode.swift; path = ResourceTVCell.swift; sourceTree = "<group>"; };
		E95E137F20754BE200BF4276 /* NetworkingLayer+QOD.swift */ = {isa = PBXFileReference; lastKnownFileType = sourcecode.swift; path = "NetworkingLayer+QOD.swift"; sourceTree = "<group>"; };
		E95E138120754C6C00BF4276 /* NetworkingLayer+Trips.swift */ = {isa = PBXFileReference; lastKnownFileType = sourcecode.swift; path = "NetworkingLayer+Trips.swift"; sourceTree = "<group>"; };
		E95E13832075651F00BF4276 /* BTSite.swift */ = {isa = PBXFileReference; lastKnownFileType = sourcecode.swift; path = BTSite.swift; sourceTree = "<group>"; };
		E95E13862075879300BF4276 /* NetworkingLayer+Sites.swift */ = {isa = PBXFileReference; lastKnownFileType = sourcecode.swift; path = "NetworkingLayer+Sites.swift"; sourceTree = "<group>"; };
		E96BEF8220CCB80200295ECD /* Development.xcconfig */ = {isa = PBXFileReference; lastKnownFileType = text.xcconfig; path = Development.xcconfig; sourceTree = "<group>"; };
		E96BEF8320CCB80E00295ECD /* Production.xcconfig */ = {isa = PBXFileReference; lastKnownFileType = text.xcconfig; path = Production.xcconfig; sourceTree = "<group>"; };
		E96BEF8420CCBAC200295ECD /* InfoPlist.swift */ = {isa = PBXFileReference; lastKnownFileType = sourcecode.swift; path = InfoPlist.swift; sourceTree = "<group>"; };
		E97A40CA219E42E2007B48DE /* UtilityExtensions+Codable.swift */ = {isa = PBXFileReference; lastKnownFileType = sourcecode.swift; path = "UtilityExtensions+Codable.swift"; sourceTree = "<group>"; };
		E97B4E8420CB24AD0018036D /* PublishedTripsVc.swift */ = {isa = PBXFileReference; lastKnownFileType = sourcecode.swift; path = PublishedTripsVc.swift; sourceTree = "<group>"; };
		E97B4E8620CB29E00018036D /* PublishedTripTableViewCell.swift */ = {isa = PBXFileReference; lastKnownFileType = sourcecode.swift; path = PublishedTripTableViewCell.swift; sourceTree = "<group>"; };
		E97DB5A521DDC0FE001E8FE1 /* LoadingViewController.swift */ = {isa = PBXFileReference; lastKnownFileType = sourcecode.swift; path = LoadingViewController.swift; sourceTree = "<group>"; };
		E97DB5A721DDC12D001E8FE1 /* LoadingViewController.xib */ = {isa = PBXFileReference; lastKnownFileType = file.xib; path = LoadingViewController.xib; sourceTree = "<group>"; };
		E97ED75A2077EF140021B651 /* UIButtonCell.swift */ = {isa = PBXFileReference; lastKnownFileType = sourcecode.swift; path = UIButtonCell.swift; sourceTree = "<group>"; };
		E97ED75C2077EF190021B651 /* UIButtonCell.xib */ = {isa = PBXFileReference; lastKnownFileType = file.xib; path = UIButtonCell.xib; sourceTree = "<group>"; };
		E97ED75E207807FF0021B651 /* TripDetailedViewModel.swift */ = {isa = PBXFileReference; lastKnownFileType = sourcecode.swift; path = TripDetailedViewModel.swift; sourceTree = "<group>"; };
		E97ED760207809BF0021B651 /* UtilityExtensions+Date.swift */ = {isa = PBXFileReference; lastKnownFileType = sourcecode.swift; path = "UtilityExtensions+Date.swift"; sourceTree = "<group>"; };
		E97ED76620784B600021B651 /* ImagesCollectionViewCell.swift */ = {isa = PBXFileReference; lastKnownFileType = sourcecode.swift; path = ImagesCollectionViewCell.swift; sourceTree = "<group>"; };
		E97ED76720784B600021B651 /* ImagesCollectionViewCell.xib */ = {isa = PBXFileReference; lastKnownFileType = file.xib; path = ImagesCollectionViewCell.xib; sourceTree = "<group>"; };
		E98036DC21C98139002344C7 /* Release.xcconfig */ = {isa = PBXFileReference; lastKnownFileType = text.xcconfig; path = Release.xcconfig; sourceTree = "<group>"; };
		E98036DD21C9BA8F002344C7 /* KeyboardHelper.swift */ = {isa = PBXFileReference; fileEncoding = 4; lastKnownFileType = sourcecode.swift; path = KeyboardHelper.swift; sourceTree = "<group>"; };
		E98F03472072A95A004D4074 /* Trips.storyboard */ = {isa = PBXFileReference; fileEncoding = 4; lastKnownFileType = file.storyboard; path = Trips.storyboard; sourceTree = "<group>"; };
		E98F03492072AEF2004D4074 /* NetworkingLayer+Hotels.swift */ = {isa = PBXFileReference; lastKnownFileType = sourcecode.swift; path = "NetworkingLayer+Hotels.swift"; sourceTree = "<group>"; };
		E98F034B2072B69C004D4074 /* Hotel.swift */ = {isa = PBXFileReference; lastKnownFileType = sourcecode.swift; path = Hotel.swift; sourceTree = "<group>"; };
		E996A4B820CCD48900A0038E /* TripDetailedNotesViewController.swift */ = {isa = PBXFileReference; lastKnownFileType = sourcecode.swift; path = TripDetailedNotesViewController.swift; sourceTree = "<group>"; };
		E996A4BA20CDFF5E00A0038E /* UserfacingErrors.swift */ = {isa = PBXFileReference; lastKnownFileType = sourcecode.swift; path = UserfacingErrors.swift; sourceTree = "<group>"; };
		E996A4BC20CE1CA300A0038E /* UserfacingErrors+User.swift */ = {isa = PBXFileReference; lastKnownFileType = sourcecode.swift; path = "UserfacingErrors+User.swift"; sourceTree = "<group>"; };
		E9A6B4B221D454EE00667FEB /* LoginLayer.swift */ = {isa = PBXFileReference; lastKnownFileType = sourcecode.swift; path = LoginLayer.swift; sourceTree = "<group>"; };
		E9A6B4B421D45EF800667FEB /* ThrottleGlobalFunctions.swift */ = {isa = PBXFileReference; fileEncoding = 4; lastKnownFileType = sourcecode.swift; path = ThrottleGlobalFunctions.swift; sourceTree = "<group>"; };
		E9A91C2721BA14A4007BBF6F /* ResourceViewController.swift */ = {isa = PBXFileReference; lastKnownFileType = sourcecode.swift; path = ResourceViewController.swift; sourceTree = "<group>"; };
		E9A91C2921BADA94007BBF6F /* ResourceView.xib */ = {isa = PBXFileReference; lastKnownFileType = file.xib; path = ResourceView.xib; sourceTree = "<group>"; };
		E9A91C2C21BAE4F8007BBF6F /* UtitlityExtensions+Pluralize.swift */ = {isa = PBXFileReference; lastKnownFileType = sourcecode.swift; path = "UtitlityExtensions+Pluralize.swift"; sourceTree = "<group>"; };
		E9A91C2E21BAE6D2007BBF6F /* SitesViewController.swift */ = {isa = PBXFileReference; lastKnownFileType = sourcecode.swift; path = SitesViewController.swift; sourceTree = "<group>"; };
		E9A91C3021BAE793007BBF6F /* SitesViewModel.swift */ = {isa = PBXFileReference; lastKnownFileType = sourcecode.swift; path = SitesViewModel.swift; sourceTree = "<group>"; };
		E9B1B9B6207D3AD800FCBC2E /* UICoverImageView.xib */ = {isa = PBXFileReference; fileEncoding = 4; lastKnownFileType = file.xib; path = UICoverImageView.xib; sourceTree = "<group>"; };
		E9B1B9B7207D3AD800FCBC2E /* UICoverImageView.swift */ = {isa = PBXFileReference; fileEncoding = 4; lastKnownFileType = sourcecode.swift; path = UICoverImageView.swift; sourceTree = "<group>"; };
		E9B1B9BA207D3ED000FCBC2E /* UtilityExtensions+Bool.swift */ = {isa = PBXFileReference; lastKnownFileType = sourcecode.swift; path = "UtilityExtensions+Bool.swift"; sourceTree = "<group>"; };
		E9B1B9BC207D4B6000FCBC2E /* UtilityExtensions+UIAlertController.swift */ = {isa = PBXFileReference; lastKnownFileType = sourcecode.swift; path = "UtilityExtensions+UIAlertController.swift"; sourceTree = "<group>"; };
		E9B1B9BE207D501B00FCBC2E /* UtilityExtensions+UIButton.swift */ = {isa = PBXFileReference; lastKnownFileType = sourcecode.swift; path = "UtilityExtensions+UIButton.swift"; sourceTree = "<group>"; };
		E9B1B9C0207D558900FCBC2E /* UtilityExtensions+UITextField.swift */ = {isa = PBXFileReference; lastKnownFileType = sourcecode.swift; path = "UtilityExtensions+UITextField.swift"; sourceTree = "<group>"; };
		E9B34743209AA13700A7B313 /* UtilityExtensions+UIViewController.swift */ = {isa = PBXFileReference; lastKnownFileType = sourcecode.swift; path = "UtilityExtensions+UIViewController.swift"; sourceTree = "<group>"; };
		E9DC2412207E88EC001691C2 /* TripsDetail.storyboard */ = {isa = PBXFileReference; fileEncoding = 4; lastKnownFileType = file.storyboard; path = TripsDetail.storyboard; sourceTree = "<group>"; };
		E9DC2419207E8FE4001691C2 /* UIDatePickerTableViewCell.swift */ = {isa = PBXFileReference; lastKnownFileType = sourcecode.swift; path = UIDatePickerTableViewCell.swift; sourceTree = "<group>"; };
		E9DC241A207E8FE4001691C2 /* UIDatePickerTableViewCell.xib */ = {isa = PBXFileReference; lastKnownFileType = file.xib; path = UIDatePickerTableViewCell.xib; sourceTree = "<group>"; };
		E9DC241D207E92BD001691C2 /* UITitleClearButtonTableViewCell.swift */ = {isa = PBXFileReference; lastKnownFileType = sourcecode.swift; path = UITitleClearButtonTableViewCell.swift; sourceTree = "<group>"; };
		E9DC241E207E92BD001691C2 /* UITitleClearButtonTableViewCell.xib */ = {isa = PBXFileReference; lastKnownFileType = file.xib; path = UITitleClearButtonTableViewCell.xib; sourceTree = "<group>"; };
		E9FF77A9207FEAA90086D6D9 /* UIDatePickerViewController.swift */ = {isa = PBXFileReference; lastKnownFileType = sourcecode.swift; path = UIDatePickerViewController.swift; sourceTree = "<group>"; };
		E9FF77AA207FEAA90086D6D9 /* UIDatePickerViewController.xib */ = {isa = PBXFileReference; lastKnownFileType = file.xib; path = UIDatePickerViewController.xib; sourceTree = "<group>"; };
/* End PBXFileReference section */

/* Begin PBXFrameworksBuildPhase section */
		B96529442069A571007FAD4D /* Frameworks */ = {
			isa = PBXFrameworksBuildPhase;
			buildActionMask = 2147483647;
			files = (
				A2B63A7F9F3715DBE4AA6804 /* Pods_Breezy_Traveler.framework in Frameworks */,
			);
			runOnlyForDeploymentPostprocessing = 0;
		};
/* End PBXFrameworksBuildPhase section */

/* Begin PBXGroup section */
		129A58429168EA635105C79E /* Pods */ = {
			isa = PBXGroup;
			children = (
				425CE5635462CACB3731FA25 /* Pods-Breezy-Traveler.development.xcconfig */,
				B8C6EFD52BD50B64973ED8D3 /* Pods-Breezy-Traveler.production.xcconfig */,
				BDBB5C3BE3B43399A8D2F68F /* Pods-Breezy-Traveler.release.xcconfig */,
			);
			name = Pods;
			sourceTree = "<group>";
		};
		B965293E2069A571007FAD4D = {
			isa = PBXGroup;
			children = (
				B96529492069A571007FAD4D /* Breezy-Traveler */,
				B96529482069A571007FAD4D /* Products */,
				129A58429168EA635105C79E /* Pods */,
				FC4A1EF4A7ED8D7EA9AF2648 /* Frameworks */,
			);
			sourceTree = "<group>";
		};
		B96529482069A571007FAD4D /* Products */ = {
			isa = PBXGroup;
			children = (
				B96529472069A571007FAD4D /* Breezy-Traveler.app */,
			);
			name = Products;
			sourceTree = "<group>";
		};
		B96529492069A571007FAD4D /* Breezy-Traveler */ = {
			isa = PBXGroup;
			children = (
				B965294A2069A571007FAD4D /* AppDelegate.swift */,
				E9189FC821C31DF100C4132A /* View Hierarchy */,
				B9B8F913206C5317009C017F /* Services */,
				B9B8F90F206C5276009C017F /* Models */,
				B9B8F914206C5493009C017F /* Networking */,
				E97ED7592077EF040021B651 /* UICustomViews */,
				B9F9F1782075583700F0D24D /* Utility */,
				B96529512069A571007FAD4D /* Assets.xcassets */,
				B96529532069A571007FAD4D /* LaunchScreen.storyboard */,
				B9BF275D2085344900265140 /* Absolute-Regular.otf */,
				B96529562069A571007FAD4D /* Info.plist */,
				E96BEF8220CCB80200295ECD /* Development.xcconfig */,
				E96BEF8320CCB80E00295ECD /* Production.xcconfig */,
				E98036DC21C98139002344C7 /* Release.xcconfig */,
			);
			path = "Breezy-Traveler";
			sourceTree = "<group>";
		};
		B9B8F90F206C5276009C017F /* Models */ = {
			isa = PBXGroup;
			children = (
				B9B8F911206C52AF009C017F /* UserModel.swift */,
				B940C84F206EEB3100E7144D /* TripModel.swift */,
				E98F034B2072B69C004D4074 /* Hotel.swift */,
				E95E13832075651F00BF4276 /* BTSite.swift */,
				B9F9F175207305FB00F0D24D /* QuoteModel.swift */,
			);
			name = Models;
			sourceTree = "<group>";
		};
		B9B8F913206C5317009C017F /* Services */ = {
			isa = PBXGroup;
			children = (
				B9F9F17B20756B0700F0D24D /* PersistenceUser.swift */,
				B9F9F17D20758E5F00F0D24D /* AlertVC.swift */,
				E98036DD21C9BA8F002344C7 /* KeyboardHelper.swift */,
				E9A6B4B221D454EE00667FEB /* LoginLayer.swift */,
				E9A6B4B421D45EF800667FEB /* ThrottleGlobalFunctions.swift */,
			);
			name = Services;
			sourceTree = "<group>";
		};
		B9B8F914206C5493009C017F /* Networking */ = {
			isa = PBXGroup;
			children = (
				B9B8F915206C54A9009C017F /* API.swift */,
				B9F76209206D506500821C28 /* NetworkingLayer+Users.swift */,
				E95E138120754C6C00BF4276 /* NetworkingLayer+Trips.swift */,
				E98F03492072AEF2004D4074 /* NetworkingLayer+Hotels.swift */,
				E95E13862075879300BF4276 /* NetworkingLayer+Sites.swift */,
				E95E137F20754BE200BF4276 /* NetworkingLayer+QOD.swift */,
				B9F9F18320782EAA00F0D24D /* NteworkingLayer+Images.swift */,
				E996A4BA20CDFF5E00A0038E /* UserfacingErrors.swift */,
				E996A4BC20CE1CA300A0038E /* UserfacingErrors+User.swift */,
			);
			name = Networking;
			sourceTree = "<group>";
		};
		B9F9F177207547F300F0D24D /* Hotels */ = {
			isa = PBXGroup;
			children = (
				E934F2DD21B86EBD00553138 /* HotelsViewModel.swift */,
				E934F2D721B86C5B00553138 /* HotelsViewController.swift */,
			);
			name = Hotels;
			sourceTree = "<group>";
		};
		B9F9F1782075583700F0D24D /* Utility */ = {
			isa = PBXGroup;
			children = (
				E96BEF8420CCBAC200295ECD /* InfoPlist.swift */,
				B9F9F1792075585500F0D24D /* UtilityExtensions.swift */,
				E97A40CA219E42E2007B48DE /* UtilityExtensions+Codable.swift */,
				E97ED760207809BF0021B651 /* UtilityExtensions+Date.swift */,
				E9B1B9BA207D3ED000FCBC2E /* UtilityExtensions+Bool.swift */,
				E9B1B9BC207D4B6000FCBC2E /* UtilityExtensions+UIAlertController.swift */,
				E9B1B9BE207D501B00FCBC2E /* UtilityExtensions+UIButton.swift */,
				E9B1B9C0207D558900FCBC2E /* UtilityExtensions+UITextField.swift */,
				E9B34743209AA13700A7B313 /* UtilityExtensions+UIViewController.swift */,
				E9A91C2C21BAE4F8007BBF6F /* UtitlityExtensions+Pluralize.swift */,
				E9189FD121C3293800C4132A /* UtilityExtensions+Interfacable.swift */,
				E9189FD321C330E500C4132A /* Once.swift */,
			);
			name = Utility;
			sourceTree = "<group>";
		};
		B9F9F185207833D800F0D24D /* Images */ = {
			isa = PBXGroup;
			children = (
				B9F9F1862078340300F0D24D /* ImagesViewController.swift */,
				E97ED76620784B600021B651 /* ImagesCollectionViewCell.swift */,
				E97ED76720784B600021B651 /* ImagesCollectionViewCell.xib */,
				E9B1B9B7207D3AD800FCBC2E /* UICoverImageView.swift */,
				E9B1B9B6207D3AD800FCBC2E /* UICoverImageView.xib */,
			);
			name = Images;
			sourceTree = "<group>";
		};
		E9189FC821C31DF100C4132A /* View Hierarchy */ = {
			isa = PBXGroup;
			children = (
				B950975D207D585800B4FE9B /* ProfileViewController.swift */,
				E9189FCE21C31F3000C4132A /* Quote of the Day */,
				E9189FCA21C31E0100C4132A /* Login */,
				E9189FC921C31DFA00C4132A /* Trips */,
			);
			name = "View Hierarchy";
			sourceTree = "<group>";
		};
		E9189FC921C31DFA00C4132A /* Trips */ = {
			isa = PBXGroup;
			children = (
				B91449422069E54E0074F71B /* MyTripsViewController.swift */,
				B965295C2069C96E007FAD4D /* ExploreTripsTVCell.swift */,
				B91449442069F9250074F71B /* ExploreTripsCollectionViewCell.swift */,
				E9189FCD21C31E9200C4132A /* Create Trip */,
				E9189FCC21C31E3300C4132A /* Detailed Trip */,
				E9189FCB21C31E1D00C4132A /* Explore Trips */,
				E98F03472072A95A004D4074 /* Trips.storyboard */,
			);
			name = Trips;
			sourceTree = "<group>";
		};
		E9189FCA21C31E0100C4132A /* Login */ = {
			isa = PBXGroup;
			children = (
				B9F9F17F2077EE4B00F0D24D /* LoginController.swift */,
				B9F9F1812077F2FC00F0D24D /* LoginController+Handlers.swift */,
			);
			name = Login;
			sourceTree = "<group>";
		};
		E9189FCB21C31E1D00C4132A /* Explore Trips */ = {
			isa = PBXGroup;
			children = (
				E97B4E8420CB24AD0018036D /* PublishedTripsVc.swift */,
			);
			name = "Explore Trips";
			sourceTree = "<group>";
		};
		E9189FCC21C31E3300C4132A /* Detailed Trip */ = {
			isa = PBXGroup;
			children = (
				E97ED75E207807FF0021B651 /* TripDetailedViewModel.swift */,
				E91A196520840D0C00CEE74A /* TripDetailedViewController.swift */,
				E91A196420840D0C00CEE74A /* TripDatePickerViewController.swift */,
				B9F9F177207547F300F0D24D /* Hotels */,
				E95E13852075652200BF4276 /* Sites */,
				E996A4B820CCD48900A0038E /* TripDetailedNotesViewController.swift */,
				E9DC2412207E88EC001691C2 /* TripsDetail.storyboard */,
			);
			name = "Detailed Trip";
			sourceTree = "<group>";
		};
		E9189FCD21C31E9200C4132A /* Create Trip */ = {
			isa = PBXGroup;
			children = (
				B940C85120719D0000E7144D /* CreateTripVC.swift */,
				B950975B207D3E6600B4FE9B /* CreateTrip.storyboard */,
			);
			name = "Create Trip";
			sourceTree = "<group>";
		};
		E9189FCE21C31F3000C4132A /* Quote of the Day */ = {
			isa = PBXGroup;
			children = (
				E91A196820840D6900CEE74A /* QuoteViewController.swift */,
			);
			name = "Quote of the Day";
			sourceTree = "<group>";
		};
		E95E13852075652200BF4276 /* Sites */ = {
			isa = PBXGroup;
			children = (
				E9A91C3021BAE793007BBF6F /* SitesViewModel.swift */,
				E9A91C2E21BAE6D2007BBF6F /* SitesViewController.swift */,
			);
			name = Sites;
			sourceTree = "<group>";
		};
		E97ED7592077EF040021B651 /* UICustomViews */ = {
			isa = PBXGroup;
			children = (
				E97ED75A2077EF140021B651 /* UIButtonCell.swift */,
				E97ED75C2077EF190021B651 /* UIButtonCell.xib */,
				B9F9F185207833D800F0D24D /* Images */,
				E9DC2418207E8FC8001691C2 /* TableViewCells */,
				E9FF77A9207FEAA90086D6D9 /* UIDatePickerViewController.swift */,
				E9FF77AA207FEAA90086D6D9 /* UIDatePickerViewController.xib */,
				E9A91C3221BAE9F0007BBF6F /* ResourceViewController */,
				E97DB5A521DDC0FE001E8FE1 /* LoadingViewController.swift */,
				E97DB5A721DDC12D001E8FE1 /* LoadingViewController.xib */,
			);
			name = UICustomViews;
			sourceTree = "<group>";
		};
		E9A91C3221BAE9F0007BBF6F /* ResourceViewController */ = {
			isa = PBXGroup;
			children = (
				E9A91C2721BA14A4007BBF6F /* ResourceViewController.swift */,
				E934F2DF21B8704800553138 /* ResourceTVCell.swift */,
				E9A91C2921BADA94007BBF6F /* ResourceView.xib */,
			);
			name = ResourceViewController;
			sourceTree = "<group>";
		};
		E9DC2418207E8FC8001691C2 /* TableViewCells */ = {
			isa = PBXGroup;
			children = (
				B965295F2069D17B007FAD4D /* TripsTVCell.swift */,
				E9189FCF21C328E500C4132A /* TripsTVCell.xib */,
				E97B4E8620CB29E00018036D /* PublishedTripTableViewCell.swift */,
				E9DC2419207E8FE4001691C2 /* UIDatePickerTableViewCell.swift */,
				E9DC241A207E8FE4001691C2 /* UIDatePickerTableViewCell.xib */,
				E9DC241D207E92BD001691C2 /* UITitleClearButtonTableViewCell.swift */,
				E9DC241E207E92BD001691C2 /* UITitleClearButtonTableViewCell.xib */,
			);
			name = TableViewCells;
			sourceTree = "<group>";
		};
		FC4A1EF4A7ED8D7EA9AF2648 /* Frameworks */ = {
			isa = PBXGroup;
			children = (
				19E1B1B0C2EC5CF45EE02915 /* Pods_Breezy_Traveler.framework */,
			);
			name = Frameworks;
			sourceTree = "<group>";
		};
/* End PBXGroup section */

/* Begin PBXNativeTarget section */
		B96529462069A571007FAD4D /* Breezy-Traveler */ = {
			isa = PBXNativeTarget;
			buildConfigurationList = B96529592069A571007FAD4D /* Build configuration list for PBXNativeTarget "Breezy-Traveler" */;
			buildPhases = (
				7FC3B0B2FF21744319E301EA /* [CP] Check Pods Manifest.lock */,
				B96529432069A571007FAD4D /* Sources */,
				B96529442069A571007FAD4D /* Frameworks */,
				B96529452069A571007FAD4D /* Resources */,
				176D252490A8A8ED5B4C96E9 /* [CP] Embed Pods Frameworks */,
			);
			buildRules = (
			);
			dependencies = (
			);
			name = "Breezy-Traveler";
			productName = "Breezy-Traveler";
			productReference = B96529472069A571007FAD4D /* Breezy-Traveler.app */;
			productType = "com.apple.product-type.application";
		};
/* End PBXNativeTarget section */

/* Begin PBXProject section */
		B965293F2069A571007FAD4D /* Project object */ = {
			isa = PBXProject;
			attributes = {
				LastSwiftUpdateCheck = 0920;
				LastUpgradeCheck = 0930;
				ORGANIZATIONNAME = "Phyllis Wong";
				TargetAttributes = {
					B96529462069A571007FAD4D = {
						CreatedOnToolsVersion = 9.2;
						ProvisioningStyle = Automatic;
					};
				};
			};
			buildConfigurationList = B96529422069A571007FAD4D /* Build configuration list for PBXProject "Breezy-Traveler" */;
			compatibilityVersion = "Xcode 8.0";
			developmentRegion = en;
			hasScannedForEncodings = 0;
			knownRegions = (
				en,
				Base,
			);
			mainGroup = B965293E2069A571007FAD4D;
			productRefGroup = B96529482069A571007FAD4D /* Products */;
			projectDirPath = "";
			projectRoot = "";
			targets = (
				B96529462069A571007FAD4D /* Breezy-Traveler */,
			);
		};
/* End PBXProject section */

/* Begin PBXResourcesBuildPhase section */
		B96529452069A571007FAD4D /* Resources */ = {
			isa = PBXResourcesBuildPhase;
			buildActionMask = 2147483647;
			files = (
				E97ED76920784B600021B651 /* ImagesCollectionViewCell.xib in Resources */,
				B96529552069A571007FAD4D /* LaunchScreen.storyboard in Resources */,
				E9DC241C207E8FE4001691C2 /* UIDatePickerTableViewCell.xib in Resources */,
				E97DB5A821DDC12D001E8FE1 /* LoadingViewController.xib in Resources */,
				E9B1B9B8207D3AD800FCBC2E /* UICoverImageView.xib in Resources */,
				E9DC2413207E88EC001691C2 /* TripsDetail.storyboard in Resources */,
				E97ED75D2077EF190021B651 /* UIButtonCell.xib in Resources */,
				E98F03482072A95A004D4074 /* Trips.storyboard in Resources */,
				B96529522069A571007FAD4D /* Assets.xcassets in Resources */,
				B9BF275E2085356A00265140 /* Absolute-Regular.otf in Resources */,
				E9DC2420207E92BD001691C2 /* UITitleClearButtonTableViewCell.xib in Resources */,
				E9A91C2B21BADD87007BBF6F /* ResourceView.xib in Resources */,
				E9189FD021C328E500C4132A /* TripsTVCell.xib in Resources */,
				B950975C207D3E6600B4FE9B /* CreateTrip.storyboard in Resources */,
				E9FF77AC207FEAA90086D6D9 /* UIDatePickerViewController.xib in Resources */,
			);
			runOnlyForDeploymentPostprocessing = 0;
		};
/* End PBXResourcesBuildPhase section */

/* Begin PBXShellScriptBuildPhase section */
		176D252490A8A8ED5B4C96E9 /* [CP] Embed Pods Frameworks */ = {
			isa = PBXShellScriptBuildPhase;
			buildActionMask = 2147483647;
			files = (
			);
			inputPaths = (
				"${SRCROOT}/Pods/Target Support Files/Pods-Breezy-Traveler/Pods-Breezy-Traveler-frameworks.sh",
				"${BUILT_PRODUCTS_DIR}/Alamofire/Alamofire.framework",
				"${BUILT_PRODUCTS_DIR}/KeychainSwift/KeychainSwift.framework",
				"${BUILT_PRODUCTS_DIR}/Kingfisher/Kingfisher.framework",
				"${BUILT_PRODUCTS_DIR}/Moya/Moya.framework",
				"${BUILT_PRODUCTS_DIR}/Result/Result.framework",
				"${BUILT_PRODUCTS_DIR}/SwiftyJSON/SwiftyJSON.framework",
			);
			name = "[CP] Embed Pods Frameworks";
			outputPaths = (
				"${TARGET_BUILD_DIR}/${FRAMEWORKS_FOLDER_PATH}/Alamofire.framework",
				"${TARGET_BUILD_DIR}/${FRAMEWORKS_FOLDER_PATH}/KeychainSwift.framework",
				"${TARGET_BUILD_DIR}/${FRAMEWORKS_FOLDER_PATH}/Kingfisher.framework",
				"${TARGET_BUILD_DIR}/${FRAMEWORKS_FOLDER_PATH}/Moya.framework",
				"${TARGET_BUILD_DIR}/${FRAMEWORKS_FOLDER_PATH}/Result.framework",
				"${TARGET_BUILD_DIR}/${FRAMEWORKS_FOLDER_PATH}/SwiftyJSON.framework",
			);
			runOnlyForDeploymentPostprocessing = 0;
			shellPath = /bin/sh;
			shellScript = "\"${SRCROOT}/Pods/Target Support Files/Pods-Breezy-Traveler/Pods-Breezy-Traveler-frameworks.sh\"\n";
			showEnvVarsInLog = 0;
		};
		7FC3B0B2FF21744319E301EA /* [CP] Check Pods Manifest.lock */ = {
			isa = PBXShellScriptBuildPhase;
			buildActionMask = 2147483647;
			files = (
			);
			inputPaths = (
				"${PODS_PODFILE_DIR_PATH}/Podfile.lock",
				"${PODS_ROOT}/Manifest.lock",
			);
			name = "[CP] Check Pods Manifest.lock";
			outputPaths = (
				"$(DERIVED_FILE_DIR)/Pods-Breezy-Traveler-checkManifestLockResult.txt",
			);
			runOnlyForDeploymentPostprocessing = 0;
			shellPath = /bin/sh;
			shellScript = "diff \"${PODS_PODFILE_DIR_PATH}/Podfile.lock\" \"${PODS_ROOT}/Manifest.lock\" > /dev/null\nif [ $? != 0 ] ; then\n    # print error to STDERR\n    echo \"error: The sandbox is not in sync with the Podfile.lock. Run 'pod install' or update your CocoaPods installation.\" >&2\n    exit 1\nfi\n# This output is used by Xcode 'outputs' to avoid re-running this script phase.\necho \"SUCCESS\" > \"${SCRIPT_OUTPUT_FILE_0}\"\n";
			showEnvVarsInLog = 0;
		};
/* End PBXShellScriptBuildPhase section */

/* Begin PBXSourcesBuildPhase section */
		B96529432069A571007FAD4D /* Sources */ = {
			isa = PBXSourcesBuildPhase;
			buildActionMask = 2147483647;
			files = (
				E9B34744209AA13700A7B313 /* UtilityExtensions+UIViewController.swift in Sources */,
				B9F9F176207305FB00F0D24D /* QuoteModel.swift in Sources */,
				E95E13872075879300BF4276 /* NetworkingLayer+Sites.swift in Sources */,
				E97A40CB219E42E2007B48DE /* UtilityExtensions+Codable.swift in Sources */,
				E98F034A2072AEF2004D4074 /* NetworkingLayer+Hotels.swift in Sources */,
				E95E138220754C6C00BF4276 /* NetworkingLayer+Trips.swift in Sources */,
				B950975E207D585800B4FE9B /* ProfileViewController.swift in Sources */,
				B96529602069D17B007FAD4D /* TripsTVCell.swift in Sources */,
				E91A196920840D6900CEE74A /* QuoteViewController.swift in Sources */,
				B9F9F1802077EE4B00F0D24D /* LoginController.swift in Sources */,
				E97B4E8720CB29E00018036D /* PublishedTripTableViewCell.swift in Sources */,
				B9B8F912206C52AF009C017F /* UserModel.swift in Sources */,
				E98036DE21C9BA8F002344C7 /* KeyboardHelper.swift in Sources */,
				E9FF77AB207FEAA90086D6D9 /* UIDatePickerViewController.swift in Sources */,
				E97ED75F207807FF0021B651 /* TripDetailedViewModel.swift in Sources */,
				B91449432069E54E0074F71B /* MyTripsViewController.swift in Sources */,
				E97DB5A621DDC0FE001E8FE1 /* LoadingViewController.swift in Sources */,
				B9F9F1822077F2FC00F0D24D /* LoginController+Handlers.swift in Sources */,
				E9B1B9B9207D3AD800FCBC2E /* UICoverImageView.swift in Sources */,
				B9F9F17E20758E5F00F0D24D /* AlertVC.swift in Sources */,
				E934F2E021B8704800553138 /* ResourceTVCell.swift in Sources */,
				B965295D2069C96E007FAD4D /* ExploreTripsTVCell.swift in Sources */,
				E97ED76820784B600021B651 /* ImagesCollectionViewCell.swift in Sources */,
				E96BEF8520CCBAC200295ECD /* InfoPlist.swift in Sources */,
				E9189FD221C3293800C4132A /* UtilityExtensions+Interfacable.swift in Sources */,
				B91449452069F9250074F71B /* ExploreTripsCollectionViewCell.swift in Sources */,
				B9B8F916206C54A9009C017F /* API.swift in Sources */,
				B9F9F18420782EAA00F0D24D /* NteworkingLayer+Images.swift in Sources */,
				E934F2DE21B86EBD00553138 /* HotelsViewModel.swift in Sources */,
				E9A91C2D21BAE4F8007BBF6F /* UtitlityExtensions+Pluralize.swift in Sources */,
				E97B4E8520CB24AD0018036D /* PublishedTripsVc.swift in Sources */,
				E9A6B4B321D454EE00667FEB /* LoginLayer.swift in Sources */,
				E97ED75B2077EF140021B651 /* UIButtonCell.swift in Sources */,
				E996A4B920CCD48900A0038E /* TripDetailedNotesViewController.swift in Sources */,
				E91A196720840D0C00CEE74A /* TripDetailedViewController.swift in Sources */,
				E996A4BB20CDFF5E00A0038E /* UserfacingErrors.swift in Sources */,
				E9A91C2821BA14A4007BBF6F /* ResourceViewController.swift in Sources */,
				E91A196620840D0C00CEE74A /* TripDatePickerViewController.swift in Sources */,
				E996A4BD20CE1CA300A0038E /* UserfacingErrors+User.swift in Sources */,
				E9B1B9BF207D501B00FCBC2E /* UtilityExtensions+UIButton.swift in Sources */,
				E9DC241B207E8FE4001691C2 /* UIDatePickerTableViewCell.swift in Sources */,
				B940C85220719D0000E7144D /* CreateTripVC.swift in Sources */,
				E9DC241F207E92BD001691C2 /* UITitleClearButtonTableViewCell.swift in Sources */,
				E9B1B9BD207D4B6000FCBC2E /* UtilityExtensions+UIAlertController.swift in Sources */,
				E9B1B9BB207D3ED000FCBC2E /* UtilityExtensions+Bool.swift in Sources */,
				B9F7620A206D506500821C28 /* NetworkingLayer+Users.swift in Sources */,
				E9A91C3121BAE793007BBF6F /* SitesViewModel.swift in Sources */,
				E9189FD421C330E500C4132A /* Once.swift in Sources */,
				B940C850206EEB3100E7144D /* TripModel.swift in Sources */,
				E9A6B4B521D45EF800667FEB /* ThrottleGlobalFunctions.swift in Sources */,
				E98F034C2072B69C004D4074 /* Hotel.swift in Sources */,
				E95E13842075651F00BF4276 /* BTSite.swift in Sources */,
				E96BEF8620CCBC9600295ECD /* NetworkingLayer+QOD.swift in Sources */,
				E9A91C2F21BAE6D2007BBF6F /* SitesViewController.swift in Sources */,
				E97ED761207809BF0021B651 /* UtilityExtensions+Date.swift in Sources */,
				E934F2D921B86C5B00553138 /* HotelsViewController.swift in Sources */,
				B9F9F17A2075585500F0D24D /* UtilityExtensions.swift in Sources */,
				E9B1B9C1207D558900FCBC2E /* UtilityExtensions+UITextField.swift in Sources */,
				B965294B2069A571007FAD4D /* AppDelegate.swift in Sources */,
				B9F9F1872078340300F0D24D /* ImagesViewController.swift in Sources */,
				B9F9F17C20756B0700F0D24D /* PersistenceUser.swift in Sources */,
			);
			runOnlyForDeploymentPostprocessing = 0;
		};
/* End PBXSourcesBuildPhase section */

/* Begin PBXVariantGroup section */
		B96529532069A571007FAD4D /* LaunchScreen.storyboard */ = {
			isa = PBXVariantGroup;
			children = (
				B96529542069A571007FAD4D /* Base */,
			);
			name = LaunchScreen.storyboard;
			sourceTree = "<group>";
		};
/* End PBXVariantGroup section */

/* Begin XCBuildConfiguration section */
		B96529572069A571007FAD4D /* Development */ = {
			isa = XCBuildConfiguration;
			buildSettings = {
				ALWAYS_SEARCH_USER_PATHS = NO;
				CLANG_ANALYZER_NONNULL = YES;
				CLANG_ANALYZER_NUMBER_OBJECT_CONVERSION = YES_AGGRESSIVE;
				CLANG_CXX_LANGUAGE_STANDARD = "gnu++14";
				CLANG_CXX_LIBRARY = "libc++";
				CLANG_ENABLE_MODULES = YES;
				CLANG_ENABLE_OBJC_ARC = YES;
				CLANG_WARN_BLOCK_CAPTURE_AUTORELEASING = YES;
				CLANG_WARN_BOOL_CONVERSION = YES;
				CLANG_WARN_COMMA = YES;
				CLANG_WARN_CONSTANT_CONVERSION = YES;
				CLANG_WARN_DEPRECATED_OBJC_IMPLEMENTATIONS = YES;
				CLANG_WARN_DIRECT_OBJC_ISA_USAGE = YES_ERROR;
				CLANG_WARN_DOCUMENTATION_COMMENTS = YES;
				CLANG_WARN_EMPTY_BODY = YES;
				CLANG_WARN_ENUM_CONVERSION = YES;
				CLANG_WARN_INFINITE_RECURSION = YES;
				CLANG_WARN_INT_CONVERSION = YES;
				CLANG_WARN_NON_LITERAL_NULL_CONVERSION = YES;
				CLANG_WARN_OBJC_IMPLICIT_RETAIN_SELF = YES;
				CLANG_WARN_OBJC_LITERAL_CONVERSION = YES;
				CLANG_WARN_OBJC_ROOT_CLASS = YES_ERROR;
				CLANG_WARN_RANGE_LOOP_ANALYSIS = YES;
				CLANG_WARN_STRICT_PROTOTYPES = YES;
				CLANG_WARN_SUSPICIOUS_MOVE = YES;
				CLANG_WARN_UNGUARDED_AVAILABILITY = YES_AGGRESSIVE;
				CLANG_WARN_UNREACHABLE_CODE = YES;
				CLANG_WARN__DUPLICATE_METHOD_MATCH = YES;
				CODE_SIGN_IDENTITY = "iPhone Developer";
				COPY_PHASE_STRIP = NO;
				DEBUG_INFORMATION_FORMAT = dwarf;
				ENABLE_STRICT_OBJC_MSGSEND = YES;
				ENABLE_TESTABILITY = YES;
				GCC_C_LANGUAGE_STANDARD = gnu11;
				GCC_DYNAMIC_NO_PIC = NO;
				GCC_NO_COMMON_BLOCKS = YES;
				GCC_OPTIMIZATION_LEVEL = 0;
				GCC_PREPROCESSOR_DEFINITIONS = (
					"DEBUG=1",
					"$(inherited)",
				);
				GCC_WARN_64_TO_32_BIT_CONVERSION = YES;
				GCC_WARN_ABOUT_RETURN_TYPE = YES_ERROR;
				GCC_WARN_UNDECLARED_SELECTOR = YES;
				GCC_WARN_UNINITIALIZED_AUTOS = YES_AGGRESSIVE;
				GCC_WARN_UNUSED_FUNCTION = YES;
				GCC_WARN_UNUSED_VARIABLE = YES;
				IPHONEOS_DEPLOYMENT_TARGET = 11.2;
				MTL_ENABLE_DEBUG_INFO = YES;
				ONLY_ACTIVE_ARCH = YES;
				SDKROOT = iphoneos;
				SWIFT_ACTIVE_COMPILATION_CONDITIONS = DEBUG;
				SWIFT_OPTIMIZATION_LEVEL = "-Onone";
			};
			name = Development;
		};
		B96529582069A571007FAD4D /* Release */ = {
			isa = XCBuildConfiguration;
			buildSettings = {
				ALWAYS_SEARCH_USER_PATHS = NO;
				CLANG_ANALYZER_NONNULL = YES;
				CLANG_ANALYZER_NUMBER_OBJECT_CONVERSION = YES_AGGRESSIVE;
				CLANG_CXX_LANGUAGE_STANDARD = "gnu++14";
				CLANG_CXX_LIBRARY = "libc++";
				CLANG_ENABLE_MODULES = YES;
				CLANG_ENABLE_OBJC_ARC = YES;
				CLANG_WARN_BLOCK_CAPTURE_AUTORELEASING = YES;
				CLANG_WARN_BOOL_CONVERSION = YES;
				CLANG_WARN_COMMA = YES;
				CLANG_WARN_CONSTANT_CONVERSION = YES;
				CLANG_WARN_DEPRECATED_OBJC_IMPLEMENTATIONS = YES;
				CLANG_WARN_DIRECT_OBJC_ISA_USAGE = YES_ERROR;
				CLANG_WARN_DOCUMENTATION_COMMENTS = YES;
				CLANG_WARN_EMPTY_BODY = YES;
				CLANG_WARN_ENUM_CONVERSION = YES;
				CLANG_WARN_INFINITE_RECURSION = YES;
				CLANG_WARN_INT_CONVERSION = YES;
				CLANG_WARN_NON_LITERAL_NULL_CONVERSION = YES;
				CLANG_WARN_OBJC_IMPLICIT_RETAIN_SELF = YES;
				CLANG_WARN_OBJC_LITERAL_CONVERSION = YES;
				CLANG_WARN_OBJC_ROOT_CLASS = YES_ERROR;
				CLANG_WARN_RANGE_LOOP_ANALYSIS = YES;
				CLANG_WARN_STRICT_PROTOTYPES = YES;
				CLANG_WARN_SUSPICIOUS_MOVE = YES;
				CLANG_WARN_UNGUARDED_AVAILABILITY = YES_AGGRESSIVE;
				CLANG_WARN_UNREACHABLE_CODE = YES;
				CLANG_WARN__DUPLICATE_METHOD_MATCH = YES;
				CODE_SIGN_IDENTITY = "iPhone Developer";
				COPY_PHASE_STRIP = NO;
				DEBUG_INFORMATION_FORMAT = "dwarf-with-dsym";
				ENABLE_NS_ASSERTIONS = NO;
				ENABLE_STRICT_OBJC_MSGSEND = YES;
				GCC_C_LANGUAGE_STANDARD = gnu11;
				GCC_NO_COMMON_BLOCKS = YES;
				GCC_WARN_64_TO_32_BIT_CONVERSION = YES;
				GCC_WARN_ABOUT_RETURN_TYPE = YES_ERROR;
				GCC_WARN_UNDECLARED_SELECTOR = YES;
				GCC_WARN_UNINITIALIZED_AUTOS = YES_AGGRESSIVE;
				GCC_WARN_UNUSED_FUNCTION = YES;
				GCC_WARN_UNUSED_VARIABLE = YES;
				IPHONEOS_DEPLOYMENT_TARGET = 11.2;
				MTL_ENABLE_DEBUG_INFO = NO;
				SDKROOT = iphoneos;
				SWIFT_OPTIMIZATION_LEVEL = "-Owholemodule";
				VALIDATE_PRODUCT = YES;
			};
			name = Release;
		};
		B965295A2069A571007FAD4D /* Development */ = {
			isa = XCBuildConfiguration;
			baseConfigurationReference = E96BEF8220CCB80200295ECD /* Development.xcconfig */;
			buildSettings = {
				ASSETCATALOG_COMPILER_APPICON_NAME = AppIcon;
				CODE_SIGN_STYLE = Automatic;
				DEVELOPMENT_TEAM = S44SNCV32X;
				INFOPLIST_FILE = "Breezy-Traveler/Info.plist";
				LD_RUNPATH_SEARCH_PATHS = "$(inherited) @executable_path/Frameworks";
				PRODUCT_BUNDLE_IDENTIFIER = com.breezy.travelers;
				PRODUCT_NAME = "$(TARGET_NAME)";
				SWIFT_VERSION = 4.0;
				TARGETED_DEVICE_FAMILY = 1;
			};
			name = Development;
		};
		B965295B2069A571007FAD4D /* Release */ = {
			isa = XCBuildConfiguration;
			baseConfigurationReference = E98036DC21C98139002344C7 /* Release.xcconfig */;
			buildSettings = {
				ASSETCATALOG_COMPILER_APPICON_NAME = AppIcon;
				CODE_SIGN_STYLE = Automatic;
				DEVELOPMENT_TEAM = S44SNCV32X;
				INFOPLIST_FILE = "Breezy-Traveler/Info.plist";
				LD_RUNPATH_SEARCH_PATHS = "$(inherited) @executable_path/Frameworks";
				ONLY_ACTIVE_ARCH = NO;
				PRODUCT_BUNDLE_IDENTIFIER = com.breezy.travelers;
				PRODUCT_NAME = "$(TARGET_NAME)";
				SWIFT_VERSION = 4.0;
				TARGETED_DEVICE_FAMILY = 1;
			};
			name = Release;
		};
		E996A4BE20CEE36400A0038E /* Production */ = {
			isa = XCBuildConfiguration;
			buildSettings = {
				ALWAYS_SEARCH_USER_PATHS = NO;
				CLANG_ANALYZER_NONNULL = YES;
				CLANG_ANALYZER_NUMBER_OBJECT_CONVERSION = YES_AGGRESSIVE;
				CLANG_CXX_LANGUAGE_STANDARD = "gnu++14";
				CLANG_CXX_LIBRARY = "libc++";
				CLANG_ENABLE_MODULES = YES;
				CLANG_ENABLE_OBJC_ARC = YES;
				CLANG_WARN_BLOCK_CAPTURE_AUTORELEASING = YES;
				CLANG_WARN_BOOL_CONVERSION = YES;
				CLANG_WARN_COMMA = YES;
				CLANG_WARN_CONSTANT_CONVERSION = YES;
				CLANG_WARN_DEPRECATED_OBJC_IMPLEMENTATIONS = YES;
				CLANG_WARN_DIRECT_OBJC_ISA_USAGE = YES_ERROR;
				CLANG_WARN_DOCUMENTATION_COMMENTS = YES;
				CLANG_WARN_EMPTY_BODY = YES;
				CLANG_WARN_ENUM_CONVERSION = YES;
				CLANG_WARN_INFINITE_RECURSION = YES;
				CLANG_WARN_INT_CONVERSION = YES;
				CLANG_WARN_NON_LITERAL_NULL_CONVERSION = YES;
				CLANG_WARN_OBJC_IMPLICIT_RETAIN_SELF = YES;
				CLANG_WARN_OBJC_LITERAL_CONVERSION = YES;
				CLANG_WARN_OBJC_ROOT_CLASS = YES_ERROR;
				CLANG_WARN_RANGE_LOOP_ANALYSIS = YES;
				CLANG_WARN_STRICT_PROTOTYPES = YES;
				CLANG_WARN_SUSPICIOUS_MOVE = YES;
				CLANG_WARN_UNGUARDED_AVAILABILITY = YES_AGGRESSIVE;
				CLANG_WARN_UNREACHABLE_CODE = YES;
				CLANG_WARN__DUPLICATE_METHOD_MATCH = YES;
				CODE_SIGN_IDENTITY = "iPhone Developer";
				COPY_PHASE_STRIP = NO;
				DEBUG_INFORMATION_FORMAT = dwarf;
				ENABLE_STRICT_OBJC_MSGSEND = YES;
				ENABLE_TESTABILITY = YES;
				GCC_C_LANGUAGE_STANDARD = gnu11;
				GCC_DYNAMIC_NO_PIC = NO;
				GCC_NO_COMMON_BLOCKS = YES;
				GCC_OPTIMIZATION_LEVEL = 0;
				GCC_PREPROCESSOR_DEFINITIONS = (
					"DEBUG=1",
					"$(inherited)",
				);
				GCC_WARN_64_TO_32_BIT_CONVERSION = YES;
				GCC_WARN_ABOUT_RETURN_TYPE = YES_ERROR;
				GCC_WARN_UNDECLARED_SELECTOR = YES;
				GCC_WARN_UNINITIALIZED_AUTOS = YES_AGGRESSIVE;
				GCC_WARN_UNUSED_FUNCTION = YES;
				GCC_WARN_UNUSED_VARIABLE = YES;
				IPHONEOS_DEPLOYMENT_TARGET = 11.2;
				MTL_ENABLE_DEBUG_INFO = YES;
				ONLY_ACTIVE_ARCH = YES;
				SDKROOT = iphoneos;
				SWIFT_ACTIVE_COMPILATION_CONDITIONS = DEBUG;
				SWIFT_OPTIMIZATION_LEVEL = "-Onone";
			};
			name = Production;
		};
		E996A4BF20CEE36400A0038E /* Production */ = {
			isa = XCBuildConfiguration;
			baseConfigurationReference = E96BEF8320CCB80E00295ECD /* Production.xcconfig */;
			buildSettings = {
				ASSETCATALOG_COMPILER_APPICON_NAME = AppIcon;
				CODE_SIGN_STYLE = Automatic;
				DEVELOPMENT_TEAM = S44SNCV32X;
				INFOPLIST_FILE = "Breezy-Traveler/Info.plist";
				LD_RUNPATH_SEARCH_PATHS = "$(inherited) @executable_path/Frameworks";
				PRODUCT_BUNDLE_IDENTIFIER = com.breezy.travelers;
				PRODUCT_NAME = "$(TARGET_NAME)";
				SWIFT_VERSION = 4.0;
				TARGETED_DEVICE_FAMILY = 1;
			};
			name = Production;
		};
/* End XCBuildConfiguration section */

/* Begin XCConfigurationList section */
		B96529422069A571007FAD4D /* Build configuration list for PBXProject "Breezy-Traveler" */ = {
			isa = XCConfigurationList;
			buildConfigurations = (
				B96529572069A571007FAD4D /* Development */,
				E996A4BE20CEE36400A0038E /* Production */,
				B96529582069A571007FAD4D /* Release */,
			);
			defaultConfigurationIsVisible = 0;
			defaultConfigurationName = Release;
		};
		B96529592069A571007FAD4D /* Build configuration list for PBXNativeTarget "Breezy-Traveler" */ = {
			isa = XCConfigurationList;
			buildConfigurations = (
				B965295A2069A571007FAD4D /* Development */,
				E996A4BF20CEE36400A0038E /* Production */,
				B965295B2069A571007FAD4D /* Release */,
			);
			defaultConfigurationIsVisible = 0;
			defaultConfigurationName = Release;
		};
/* End XCConfigurationList section */
	};
	rootObject = B965293F2069A571007FAD4D /* Project object */;
}
