// !$*UTF8*$!
{
	archiveVersion = 1;
	classes = {
	};
	objectVersion = 48;
	objects = {

/* Begin PBXBuildFile section */
		A2B63A7F9F3715DBE4AA6804 /* Pods_Breezy_Traveler.framework in Frameworks */ = {isa = PBXBuildFile; fileRef = 19E1B1B0C2EC5CF45EE02915 /* Pods_Breezy_Traveler.framework */; };
		B91449432069E54E0074F71B /* MyTripsViewController.swift in Sources */ = {isa = PBXBuildFile; fileRef = B91449422069E54E0074F71B /* MyTripsViewController.swift */; };
		B91449452069F9250074F71B /* ExploreTripsCollectionViewCell.swift in Sources */ = {isa = PBXBuildFile; fileRef = B91449442069F9250074F71B /* ExploreTripsCollectionViewCell.swift */; };
		B965294B2069A571007FAD4D /* AppDelegate.swift in Sources */ = {isa = PBXBuildFile; fileRef = B965294A2069A571007FAD4D /* AppDelegate.swift */; };
		B965294D2069A571007FAD4D /* ViewController.swift in Sources */ = {isa = PBXBuildFile; fileRef = B965294C2069A571007FAD4D /* ViewController.swift */; };
		B96529502069A571007FAD4D /* Trips.storyboard in Resources */ = {isa = PBXBuildFile; fileRef = B965294E2069A571007FAD4D /* Trips.storyboard */; };
		B96529522069A571007FAD4D /* Assets.xcassets in Resources */ = {isa = PBXBuildFile; fileRef = B96529512069A571007FAD4D /* Assets.xcassets */; };
		B96529552069A571007FAD4D /* LaunchScreen.storyboard in Resources */ = {isa = PBXBuildFile; fileRef = B96529532069A571007FAD4D /* LaunchScreen.storyboard */; };
		B965295D2069C96E007FAD4D /* ExploreTripsTVCell.swift in Sources */ = {isa = PBXBuildFile; fileRef = B965295C2069C96E007FAD4D /* ExploreTripsTVCell.swift */; };
		B96529602069D17B007FAD4D /* TripsTVCell.swift in Sources */ = {isa = PBXBuildFile; fileRef = B965295F2069D17B007FAD4D /* TripsTVCell.swift */; };
		B9B8F912206C52AF009C017F /* UserModel.swift in Sources */ = {isa = PBXBuildFile; fileRef = B9B8F911206C52AF009C017F /* UserModel.swift */; };
		B9B8F916206C54A9009C017F /* NetworkingLayer.swift in Sources */ = {isa = PBXBuildFile; fileRef = B9B8F915206C54A9009C017F /* NetworkingLayer.swift */; };
/* End PBXBuildFile section */

/* Begin PBXFileReference section */
		19E1B1B0C2EC5CF45EE02915 /* Pods_Breezy_Traveler.framework */ = {isa = PBXFileReference; explicitFileType = wrapper.framework; includeInIndex = 0; path = Pods_Breezy_Traveler.framework; sourceTree = BUILT_PRODUCTS_DIR; };
		8D4D1B7FDD5E8D5B55A8B124 /* Pods-Breezy-Traveler.debug.xcconfig */ = {isa = PBXFileReference; includeInIndex = 1; lastKnownFileType = text.xcconfig; name = "Pods-Breezy-Traveler.debug.xcconfig"; path = "Pods/Target Support Files/Pods-Breezy-Traveler/Pods-Breezy-Traveler.debug.xcconfig"; sourceTree = "<group>"; };
		B91449422069E54E0074F71B /* MyTripsViewController.swift */ = {isa = PBXFileReference; lastKnownFileType = sourcecode.swift; path = MyTripsViewController.swift; sourceTree = "<group>"; };
		B91449442069F9250074F71B /* ExploreTripsCollectionViewCell.swift */ = {isa = PBXFileReference; lastKnownFileType = sourcecode.swift; path = ExploreTripsCollectionViewCell.swift; sourceTree = "<group>"; };
		B96529472069A571007FAD4D /* Breezy-Traveler.app */ = {isa = PBXFileReference; explicitFileType = wrapper.application; includeInIndex = 0; path = "Breezy-Traveler.app"; sourceTree = BUILT_PRODUCTS_DIR; };
		B965294A2069A571007FAD4D /* AppDelegate.swift */ = {isa = PBXFileReference; lastKnownFileType = sourcecode.swift; path = AppDelegate.swift; sourceTree = "<group>"; };
		B965294C2069A571007FAD4D /* ViewController.swift */ = {isa = PBXFileReference; lastKnownFileType = sourcecode.swift; path = ViewController.swift; sourceTree = "<group>"; };
		B965294F2069A571007FAD4D /* Base */ = {isa = PBXFileReference; lastKnownFileType = file.storyboard; name = Base; path = Base.lproj/Trips.storyboard; sourceTree = "<group>"; };
		B96529512069A571007FAD4D /* Assets.xcassets */ = {isa = PBXFileReference; lastKnownFileType = folder.assetcatalog; path = Assets.xcassets; sourceTree = "<group>"; };
		B96529542069A571007FAD4D /* Base */ = {isa = PBXFileReference; lastKnownFileType = file.storyboard; name = Base; path = Base.lproj/LaunchScreen.storyboard; sourceTree = "<group>"; };
		B96529562069A571007FAD4D /* Info.plist */ = {isa = PBXFileReference; lastKnownFileType = text.plist.xml; path = Info.plist; sourceTree = "<group>"; };
		B965295C2069C96E007FAD4D /* ExploreTripsTVCell.swift */ = {isa = PBXFileReference; lastKnownFileType = sourcecode.swift; path = ExploreTripsTVCell.swift; sourceTree = "<group>"; };
		B965295F2069D17B007FAD4D /* TripsTVCell.swift */ = {isa = PBXFileReference; lastKnownFileType = sourcecode.swift; path = TripsTVCell.swift; sourceTree = "<group>"; };
		B9B8F911206C52AF009C017F /* UserModel.swift */ = {isa = PBXFileReference; lastKnownFileType = sourcecode.swift; path = UserModel.swift; sourceTree = "<group>"; };
		B9B8F915206C54A9009C017F /* NetworkingLayer.swift */ = {isa = PBXFileReference; lastKnownFileType = sourcecode.swift; path = NetworkingLayer.swift; sourceTree = "<group>"; };
		E61EF07259D1B3C17908FB3F /* Pods-Breezy-Traveler.release.xcconfig */ = {isa = PBXFileReference; includeInIndex = 1; lastKnownFileType = text.xcconfig; name = "Pods-Breezy-Traveler.release.xcconfig"; path = "Pods/Target Support Files/Pods-Breezy-Traveler/Pods-Breezy-Traveler.release.xcconfig"; sourceTree = "<group>"; };
/* End PBXFileReference section */

/* Begin PBXFrameworksBuildPhase section */
		B96529442069A571007FAD4D /* Frameworks */ = {
			isa = PBXFrameworksBuildPhase;
			buildActionMask = 2147483647;
			files = (
				A2B63A7F9F3715DBE4AA6804 /* Pods_Breezy_Traveler.framework in Frameworks */,
			);
			runOnlyForDeploymentPostprocessing = 0;
		};
/* End PBXFrameworksBuildPhase section */

/* Begin PBXGroup section */
		129A58429168EA635105C79E /* Pods */ = {
			isa = PBXGroup;
			children = (
				8D4D1B7FDD5E8D5B55A8B124 /* Pods-Breezy-Traveler.debug.xcconfig */,
				E61EF07259D1B3C17908FB3F /* Pods-Breezy-Traveler.release.xcconfig */,
			);
			name = Pods;
			sourceTree = "<group>";
		};
		B965293E2069A571007FAD4D = {
			isa = PBXGroup;
			children = (
				B96529492069A571007FAD4D /* Breezy-Traveler */,
				B96529482069A571007FAD4D /* Products */,
				129A58429168EA635105C79E /* Pods */,
				FC4A1EF4A7ED8D7EA9AF2648 /* Frameworks */,
			);
			sourceTree = "<group>";
		};
		B96529482069A571007FAD4D /* Products */ = {
			isa = PBXGroup;
			children = (
				B96529472069A571007FAD4D /* Breezy-Traveler.app */,
			);
			name = Products;
			sourceTree = "<group>";
		};
		B96529492069A571007FAD4D /* Breezy-Traveler */ = {
			isa = PBXGroup;
			children = (
				B965294A2069A571007FAD4D /* AppDelegate.swift */,
				B965294C2069A571007FAD4D /* ViewController.swift */,
				B9B8F913206C5317009C017F /* User */,
				B9B8F90F206C5276009C017F /* Trip */,
				B9B8F914206C5493009C017F /* Networking */,
				B96529512069A571007FAD4D /* Assets.xcassets */,
				B96529532069A571007FAD4D /* LaunchScreen.storyboard */,
				B96529562069A571007FAD4D /* Info.plist */,
			);
			path = "Breezy-Traveler";
			sourceTree = "<group>";
		};
		B9B8F90F206C5276009C017F /* Trip */ = {
			isa = PBXGroup;
			children = (
				B965294E2069A571007FAD4D /* Trips.storyboard */,
				B91449442069F9250074F71B /* ExploreTripsCollectionViewCell.swift */,
				B91449422069E54E0074F71B /* MyTripsViewController.swift */,
				B965295C2069C96E007FAD4D /* ExploreTripsTVCell.swift */,
				B965295F2069D17B007FAD4D /* TripsTVCell.swift */,
			);
			name = Trip;
			sourceTree = "<group>";
		};
		B9B8F913206C5317009C017F /* User */ = {
			isa = PBXGroup;
			children = (
				B9B8F911206C52AF009C017F /* UserModel.swift */,
			);
			name = User;
			sourceTree = "<group>";
		};
		B9B8F914206C5493009C017F /* Networking */ = {
			isa = PBXGroup;
			children = (
				B9B8F915206C54A9009C017F /* NetworkingLayer.swift */,
			);
			name = Networking;
			sourceTree = "<group>";
		};
		FC4A1EF4A7ED8D7EA9AF2648 /* Frameworks */ = {
			isa = PBXGroup;
			children = (
				19E1B1B0C2EC5CF45EE02915 /* Pods_Breezy_Traveler.framework */,
			);
			name = Frameworks;
			sourceTree = "<group>";
		};
/* End PBXGroup section */

/* Begin PBXNativeTarget section */
		B96529462069A571007FAD4D /* Breezy-Traveler */ = {
			isa = PBXNativeTarget;
			buildConfigurationList = B96529592069A571007FAD4D /* Build configuration list for PBXNativeTarget "Breezy-Traveler" */;
			buildPhases = (
				7FC3B0B2FF21744319E301EA /* [CP] Check Pods Manifest.lock */,
				B96529432069A571007FAD4D /* Sources */,
				B96529442069A571007FAD4D /* Frameworks */,
				B96529452069A571007FAD4D /* Resources */,
				176D252490A8A8ED5B4C96E9 /* [CP] Embed Pods Frameworks */,
				4CAADEA04C8AABD70CC1BB21 /* [CP] Copy Pods Resources */,
			);
			buildRules = (
			);
			dependencies = (
			);
			name = "Breezy-Traveler";
			productName = "Breezy-Traveler";
			productReference = B96529472069A571007FAD4D /* Breezy-Traveler.app */;
			productType = "com.apple.product-type.application";
		};
/* End PBXNativeTarget section */

/* Begin PBXProject section */
		B965293F2069A571007FAD4D /* Project object */ = {
			isa = PBXProject;
			attributes = {
				LastSwiftUpdateCheck = 0920;
				LastUpgradeCheck = 0920;
				ORGANIZATIONNAME = "Phyllis Wong";
				TargetAttributes = {
					B96529462069A571007FAD4D = {
						CreatedOnToolsVersion = 9.2;
						ProvisioningStyle = Automatic;
					};
				};
			};
			buildConfigurationList = B96529422069A571007FAD4D /* Build configuration list for PBXProject "Breezy-Traveler" */;
			compatibilityVersion = "Xcode 8.0";
			developmentRegion = en;
			hasScannedForEncodings = 0;
			knownRegions = (
				en,
				Base,
			);
			mainGroup = B965293E2069A571007FAD4D;
			productRefGroup = B96529482069A571007FAD4D /* Products */;
			projectDirPath = "";
			projectRoot = "";
			targets = (
				B96529462069A571007FAD4D /* Breezy-Traveler */,
			);
		};
/* End PBXProject section */

/* Begin PBXResourcesBuildPhase section */
		B96529452069A571007FAD4D /* Resources */ = {
			isa = PBXResourcesBuildPhase;
			buildActionMask = 2147483647;
			files = (
				B96529552069A571007FAD4D /* LaunchScreen.storyboard in Resources */,
				B96529522069A571007FAD4D /* Assets.xcassets in Resources */,
				B96529502069A571007FAD4D /* Trips.storyboard in Resources */,
			);
			runOnlyForDeploymentPostprocessing = 0;
		};
/* End PBXResourcesBuildPhase section */

/* Begin PBXShellScriptBuildPhase section */
		176D252490A8A8ED5B4C96E9 /* [CP] Embed Pods Frameworks */ = {
			isa = PBXShellScriptBuildPhase;
			buildActionMask = 2147483647;
			files = (
			);
			inputPaths = (
				"${SRCROOT}/Pods/Target Support Files/Pods-Breezy-Traveler/Pods-Breezy-Traveler-frameworks.sh",
				"${BUILT_PRODUCTS_DIR}/Alamofire/Alamofire.framework",
				"${BUILT_PRODUCTS_DIR}/Moya/Moya.framework",
				"${BUILT_PRODUCTS_DIR}/Result/Result.framework",
			);
			name = "[CP] Embed Pods Frameworks";
			outputPaths = (
				"${TARGET_BUILD_DIR}/${FRAMEWORKS_FOLDER_PATH}/Alamofire.framework",
				"${TARGET_BUILD_DIR}/${FRAMEWORKS_FOLDER_PATH}/Moya.framework",
				"${TARGET_BUILD_DIR}/${FRAMEWORKS_FOLDER_PATH}/Result.framework",
			);
			runOnlyForDeploymentPostprocessing = 0;
			shellPath = /bin/sh;
			shellScript = "\"${SRCROOT}/Pods/Target Support Files/Pods-Breezy-Traveler/Pods-Breezy-Traveler-frameworks.sh\"\n";
			showEnvVarsInLog = 0;
		};
		4CAADEA04C8AABD70CC1BB21 /* [CP] Copy Pods Resources */ = {
			isa = PBXShellScriptBuildPhase;
			buildActionMask = 2147483647;
			files = (
			);
			inputPaths = (
			);
			name = "[CP] Copy Pods Resources";
			outputPaths = (
			);
			runOnlyForDeploymentPostprocessing = 0;
			shellPath = /bin/sh;
			shellScript = "\"${SRCROOT}/Pods/Target Support Files/Pods-Breezy-Traveler/Pods-Breezy-Traveler-resources.sh\"\n";
			showEnvVarsInLog = 0;
		};
		7FC3B0B2FF21744319E301EA /* [CP] Check Pods Manifest.lock */ = {
			isa = PBXShellScriptBuildPhase;
			buildActionMask = 2147483647;
			files = (
			);
			inputPaths = (
				"${PODS_PODFILE_DIR_PATH}/Podfile.lock",
				"${PODS_ROOT}/Manifest.lock",
			);
			name = "[CP] Check Pods Manifest.lock";
			outputPaths = (
				"$(DERIVED_FILE_DIR)/Pods-Breezy-Traveler-checkManifestLockResult.txt",
			);
			runOnlyForDeploymentPostprocessing = 0;
			shellPath = /bin/sh;
			shellScript = "diff \"${PODS_PODFILE_DIR_PATH}/Podfile.lock\" \"${PODS_ROOT}/Manifest.lock\" > /dev/null\nif [ $? != 0 ] ; then\n    # print error to STDERR\n    echo \"error: The sandbox is not in sync with the Podfile.lock. Run 'pod install' or update your CocoaPods installation.\" >&2\n    exit 1\nfi\n# This output is used by Xcode 'outputs' to avoid re-running this script phase.\necho \"SUCCESS\" > \"${SCRIPT_OUTPUT_FILE_0}\"\n";
			showEnvVarsInLog = 0;
		};
/* End PBXShellScriptBuildPhase section */

/* Begin PBXSourcesBuildPhase section */
		B96529432069A571007FAD4D /* Sources */ = {
			isa = PBXSourcesBuildPhase;
			buildActionMask = 2147483647;
			files = (
				B96529602069D17B007FAD4D /* TripsTVCell.swift in Sources */,
				B9B8F912206C52AF009C017F /* UserModel.swift in Sources */,
				B91449432069E54E0074F71B /* MyTripsViewController.swift in Sources */,
				B965295D2069C96E007FAD4D /* ExploreTripsTVCell.swift in Sources */,
				B91449452069F9250074F71B /* ExploreTripsCollectionViewCell.swift in Sources */,
				B9B8F916206C54A9009C017F /* NetworkingLayer.swift in Sources */,
				B965294D2069A571007FAD4D /* ViewController.swift in Sources */,
				B965294B2069A571007FAD4D /* AppDelegate.swift in Sources */,
			);
			runOnlyForDeploymentPostprocessing = 0;
		};
/* End PBXSourcesBuildPhase section */

/* Begin PBXVariantGroup section */
		B965294E2069A571007FAD4D /* Trips.storyboard */ = {
			isa = PBXVariantGroup;
			children = (
				B965294F2069A571007FAD4D /* Base */,
			);
			name = Trips.storyboard;
			sourceTree = "<group>";
		};
		B96529532069A571007FAD4D /* LaunchScreen.storyboard */ = {
			isa = PBXVariantGroup;
			children = (
				B96529542069A571007FAD4D /* Base */,
			);
			name = LaunchScreen.storyboard;
			sourceTree = "<group>";
		};
/* End PBXVariantGroup section */

/* Begin XCBuildConfiguration section */
		B96529572069A571007FAD4D /* Debug */ = {
			isa = XCBuildConfiguration;
			buildSettings = {
				ALWAYS_SEARCH_USER_PATHS = NO;
				CLANG_ANALYZER_NONNULL = YES;
				CLANG_ANALYZER_NUMBER_OBJECT_CONVERSION = YES_AGGRESSIVE;
				CLANG_CXX_LANGUAGE_STANDARD = "gnu++14";
				CLANG_CXX_LIBRARY = "libc++";
				CLANG_ENABLE_MODULES = YES;
				CLANG_ENABLE_OBJC_ARC = YES;
				CLANG_WARN_BLOCK_CAPTURE_AUTORELEASING = YES;
				CLANG_WARN_BOOL_CONVERSION = YES;
				CLANG_WARN_COMMA = YES;
				CLANG_WARN_CONSTANT_CONVERSION = YES;
				CLANG_WARN_DIRECT_OBJC_ISA_USAGE = YES_ERROR;
				CLANG_WARN_DOCUMENTATION_COMMENTS = YES;
				CLANG_WARN_EMPTY_BODY = YES;
				CLANG_WARN_ENUM_CONVERSION = YES;
				CLANG_WARN_INFINITE_RECURSION = YES;
				CLANG_WARN_INT_CONVERSION = YES;
				CLANG_WARN_NON_LITERAL_NULL_CONVERSION = YES;
				CLANG_WARN_OBJC_LITERAL_CONVERSION = YES;
				CLANG_WARN_OBJC_ROOT_CLASS = YES_ERROR;
				CLANG_WARN_RANGE_LOOP_ANALYSIS = YES;
				CLANG_WARN_STRICT_PROTOTYPES = YES;
				CLANG_WARN_SUSPICIOUS_MOVE = YES;
				CLANG_WARN_UNGUARDED_AVAILABILITY = YES_AGGRESSIVE;
				CLANG_WARN_UNREACHABLE_CODE = YES;
				CLANG_WARN__DUPLICATE_METHOD_MATCH = YES;
				CODE_SIGN_IDENTITY = "iPhone Developer";
				COPY_PHASE_STRIP = NO;
				DEBUG_INFORMATION_FORMAT = dwarf;
				ENABLE_STRICT_OBJC_MSGSEND = YES;
				ENABLE_TESTABILITY = YES;
				GCC_C_LANGUAGE_STANDARD = gnu11;
				GCC_DYNAMIC_NO_PIC = NO;
				GCC_NO_COMMON_BLOCKS = YES;
				GCC_OPTIMIZATION_LEVEL = 0;
				GCC_PREPROCESSOR_DEFINITIONS = (
					"DEBUG=1",
					"$(inherited)",
				);
				GCC_WARN_64_TO_32_BIT_CONVERSION = YES;
				GCC_WARN_ABOUT_RETURN_TYPE = YES_ERROR;
				GCC_WARN_UNDECLARED_SELECTOR = YES;
				GCC_WARN_UNINITIALIZED_AUTOS = YES_AGGRESSIVE;
				GCC_WARN_UNUSED_FUNCTION = YES;
				GCC_WARN_UNUSED_VARIABLE = YES;
				IPHONEOS_DEPLOYMENT_TARGET = 11.2;
				MTL_ENABLE_DEBUG_INFO = YES;
				ONLY_ACTIVE_ARCH = YES;
				SDKROOT = iphoneos;
				SWIFT_ACTIVE_COMPILATION_CONDITIONS = DEBUG;
				SWIFT_OPTIMIZATION_LEVEL = "-Onone";
			};
			name = Debug;
		};
		B96529582069A571007FAD4D /* Release */ = {
			isa = XCBuildConfiguration;
			buildSettings = {
				ALWAYS_SEARCH_USER_PATHS = NO;
				CLANG_ANALYZER_NONNULL = YES;
				CLANG_ANALYZER_NUMBER_OBJECT_CONVERSION = YES_AGGRESSIVE;
				CLANG_CXX_LANGUAGE_STANDARD = "gnu++14";
				CLANG_CXX_LIBRARY = "libc++";
				CLANG_ENABLE_MODULES = YES;
				CLANG_ENABLE_OBJC_ARC = YES;
				CLANG_WARN_BLOCK_CAPTURE_AUTORELEASING = YES;
				CLANG_WARN_BOOL_CONVERSION = YES;
				CLANG_WARN_COMMA = YES;
				CLANG_WARN_CONSTANT_CONVERSION = YES;
				CLANG_WARN_DIRECT_OBJC_ISA_USAGE = YES_ERROR;
				CLANG_WARN_DOCUMENTATION_COMMENTS = YES;
				CLANG_WARN_EMPTY_BODY = YES;
				CLANG_WARN_ENUM_CONVERSION = YES;
				CLANG_WARN_INFINITE_RECURSION = YES;
				CLANG_WARN_INT_CONVERSION = YES;
				CLANG_WARN_NON_LITERAL_NULL_CONVERSION = YES;
				CLANG_WARN_OBJC_LITERAL_CONVERSION = YES;
				CLANG_WARN_OBJC_ROOT_CLASS = YES_ERROR;
				CLANG_WARN_RANGE_LOOP_ANALYSIS = YES;
				CLANG_WARN_STRICT_PROTOTYPES = YES;
				CLANG_WARN_SUSPICIOUS_MOVE = YES;
				CLANG_WARN_UNGUARDED_AVAILABILITY = YES_AGGRESSIVE;
				CLANG_WARN_UNREACHABLE_CODE = YES;
				CLANG_WARN__DUPLICATE_METHOD_MATCH = YES;
				CODE_SIGN_IDENTITY = "iPhone Developer";
				COPY_PHASE_STRIP = NO;
				DEBUG_INFORMATION_FORMAT = "dwarf-with-dsym";
				ENABLE_NS_ASSERTIONS = NO;
				ENABLE_STRICT_OBJC_MSGSEND = YES;
				GCC_C_LANGUAGE_STANDARD = gnu11;
				GCC_NO_COMMON_BLOCKS = YES;
				GCC_WARN_64_TO_32_BIT_CONVERSION = YES;
				GCC_WARN_ABOUT_RETURN_TYPE = YES_ERROR;
				GCC_WARN_UNDECLARED_SELECTOR = YES;
				GCC_WARN_UNINITIALIZED_AUTOS = YES_AGGRESSIVE;
				GCC_WARN_UNUSED_FUNCTION = YES;
				GCC_WARN_UNUSED_VARIABLE = YES;
				IPHONEOS_DEPLOYMENT_TARGET = 11.2;
				MTL_ENABLE_DEBUG_INFO = NO;
				SDKROOT = iphoneos;
				SWIFT_OPTIMIZATION_LEVEL = "-Owholemodule";
				VALIDATE_PRODUCT = YES;
			};
			name = Release;
		};
		B965295A2069A571007FAD4D /* Debug */ = {
			isa = XCBuildConfiguration;
			baseConfigurationReference = 8D4D1B7FDD5E8D5B55A8B124 /* Pods-Breezy-Traveler.debug.xcconfig */;
			buildSettings = {
				ASSETCATALOG_COMPILER_APPICON_NAME = AppIcon;
				CODE_SIGN_STYLE = Automatic;
				DEVELOPMENT_TEAM = S44SNCV32X;
				INFOPLIST_FILE = "Breezy-Traveler/Info.plist";
				LD_RUNPATH_SEARCH_PATHS = "$(inherited) @executable_path/Frameworks";
				PRODUCT_BUNDLE_IDENTIFIER = "com.breezyApps.Breezy-Traveler";
				PRODUCT_NAME = "$(TARGET_NAME)";
				SWIFT_VERSION = 4.0;
				TARGETED_DEVICE_FAMILY = "1,2";
			};
			name = Debug;
		};
		B965295B2069A571007FAD4D /* Release */ = {
			isa = XCBuildConfiguration;
			baseConfigurationReference = E61EF07259D1B3C17908FB3F /* Pods-Breezy-Traveler.release.xcconfig */;
			buildSettings = {
				ASSETCATALOG_COMPILER_APPICON_NAME = AppIcon;
				CODE_SIGN_STYLE = Automatic;
				DEVELOPMENT_TEAM = S44SNCV32X;
				INFOPLIST_FILE = "Breezy-Traveler/Info.plist";
				LD_RUNPATH_SEARCH_PATHS = "$(inherited) @executable_path/Frameworks";
				PRODUCT_BUNDLE_IDENTIFIER = "com.breezyApps.Breezy-Traveler";
				PRODUCT_NAME = "$(TARGET_NAME)";
				SWIFT_VERSION = 4.0;
				TARGETED_DEVICE_FAMILY = "1,2";
			};
			name = Release;
		};
/* End XCBuildConfiguration section */

/* Begin XCConfigurationList section */
		B96529422069A571007FAD4D /* Build configuration list for PBXProject "Breezy-Traveler" */ = {
			isa = XCConfigurationList;
			buildConfigurations = (
				B96529572069A571007FAD4D /* Debug */,
				B96529582069A571007FAD4D /* Release */,
			);
			defaultConfigurationIsVisible = 0;
			defaultConfigurationName = Release;
		};
		B96529592069A571007FAD4D /* Build configuration list for PBXNativeTarget "Breezy-Traveler" */ = {
			isa = XCConfigurationList;
			buildConfigurations = (
				B965295A2069A571007FAD4D /* Debug */,
				B965295B2069A571007FAD4D /* Release */,
			);
			defaultConfigurationIsVisible = 0;
			defaultConfigurationName = Release;
		};
/* End XCConfigurationList section */
	};
	rootObject = B965293F2069A571007FAD4D /* Project object */;
}
